// !$*UTF8*$!
{
	archiveVersion = 1;
	classes = {
	};
	objectVersion = 50;
	objects = {

/* Begin PBXBuildFile section */
		39E1F52AC0D64A1C1128757B /* Pods_Showcase_iOS.framework in Frameworks */ = {isa = PBXBuildFile; fileRef = 4B4C7B03B35181B9EAC7E9BE /* Pods_Showcase_iOS.framework */; };
		4EBC1048D475CDDB64A2C22F /* Pods_Showcase_iOSTests.framework in Frameworks */ = {isa = PBXBuildFile; fileRef = 8575F69F2508AC86277FA687 /* Pods_Showcase_iOSTests.framework */; };
		99FB7FE82085F25100B300BA /* AppDelegate.swift in Sources */ = {isa = PBXBuildFile; fileRef = 99FB7FE72085F25100B300BA /* AppDelegate.swift */; };
		99FB7FED2085F25100B300BA /* Main.storyboard in Resources */ = {isa = PBXBuildFile; fileRef = 99FB7FEB2085F25100B300BA /* Main.storyboard */; };
		99FB7FEF2085F25200B300BA /* Assets.xcassets in Resources */ = {isa = PBXBuildFile; fileRef = 99FB7FEE2085F25200B300BA /* Assets.xcassets */; };
		99FB7FF22085F25200B300BA /* LaunchScreen.storyboard in Resources */ = {isa = PBXBuildFile; fileRef = 99FB7FF02085F25200B300BA /* LaunchScreen.storyboard */; };
		99FB80082085FAC300B300BA /* GoogleService-Info.plist in Resources */ = {isa = PBXBuildFile; fileRef = 99FB80072085FAC300B300BA /* GoogleService-Info.plist */; };
		99FB800B20860C4500B300BA /* Viewable.swift in Sources */ = {isa = PBXBuildFile; fileRef = 99FB800A20860C4500B300BA /* Viewable.swift */; };
		A30087C2209718F70095FAC1 /* ContactUsInteractableTests.swift in Sources */ = {isa = PBXBuildFile; fileRef = A30087C1209718F70095FAC1 /* ContactUsInteractableTests.swift */; };
		A30146FE20AD600E00E8DE4E /* UIView+Utilities.swift in Sources */ = {isa = PBXBuildFile; fileRef = A30146FD20AD600E00E8DE4E /* UIView+Utilities.swift */; };
		A307F68920B2EE7A0083E119 /* MainDetailView.xib in Resources */ = {isa = PBXBuildFile; fileRef = A307F68820B2EE7A0083E119 /* MainDetailView.xib */; };
		A339977F208D12D8004776AB /* Office.swift in Sources */ = {isa = PBXBuildFile; fileRef = A339977E208D12D8004776AB /* Office.swift */; };
		A33D79B320887BAA00D272E7 /* DatabaseReference+Extension.swift in Sources */ = {isa = PBXBuildFile; fileRef = A33D79B220887BAA00D272E7 /* DatabaseReference+Extension.swift */; };
		A34475442088B318001734CA /* DatabaseReferenceTests.swift in Sources */ = {isa = PBXBuildFile; fileRef = A34475432088B318001734CA /* DatabaseReferenceTests.swift */; };
		A36A55562099E4990037C4BF /* DataReferenceable.swift in Sources */ = {isa = PBXBuildFile; fileRef = A36A55552099E4990037C4BF /* DataReferenceable.swift */; };
		A374CC3C20B48553001BCD18 /* FunctionalityView.swift in Sources */ = {isa = PBXBuildFile; fileRef = A374CC3B20B48553001BCD18 /* FunctionalityView.swift */; };
		A374CC3F20B4878E001BCD18 /* TechnologyView.swift in Sources */ = {isa = PBXBuildFile; fileRef = A374CC3E20B4878E001BCD18 /* TechnologyView.swift */; };
		A37BD16620AE9E15009C23A0 /* ContactUsNavigatorDelegate.swift in Sources */ = {isa = PBXBuildFile; fileRef = A37BD16520AE9E15009C23A0 /* ContactUsNavigatorDelegate.swift */; };
		A37BD16820AE9E98009C23A0 /* ContactUsNavigatorImplementation.swift in Sources */ = {isa = PBXBuildFile; fileRef = A37BD16720AE9E98009C23A0 /* ContactUsNavigatorImplementation.swift */; };
		A388971E20B42FDA0091224A /* MainDetailView.swift in Sources */ = {isa = PBXBuildFile; fileRef = A388971D20B42FDA0091224A /* MainDetailView.swift */; };
		A389D65D20A4444A008DB6FE /* ContactUsCellViewModel.swift in Sources */ = {isa = PBXBuildFile; fileRef = A389D65C20A4444A008DB6FE /* ContactUsCellViewModel.swift */; };
		A389D66020A444B3008DB6FE /* ContactUsDelegate.swift in Sources */ = {isa = PBXBuildFile; fileRef = A389D65F20A444B3008DB6FE /* ContactUsDelegate.swift */; };
		A389D66320A59471008DB6FE /* FirebaseStorageExtension.swift in Sources */ = {isa = PBXBuildFile; fileRef = A389D66220A59471008DB6FE /* FirebaseStorageExtension.swift */; };
		A389D66520A594EB008DB6FE /* FIRStoring.swift in Sources */ = {isa = PBXBuildFile; fileRef = A389D66420A594EB008DB6FE /* FIRStoring.swift */; };
		A389D66720A59556008DB6FE /* StorageReferenceable.swift in Sources */ = {isa = PBXBuildFile; fileRef = A389D66620A59556008DB6FE /* StorageReferenceable.swift */; };
		A389D66920A595F7008DB6FE /* StorageReferenceExtension.swift in Sources */ = {isa = PBXBuildFile; fileRef = A389D66820A595F7008DB6FE /* StorageReferenceExtension.swift */; };
		A389D66C20A598B9008DB6FE /* FIRImageFetcher.swift in Sources */ = {isa = PBXBuildFile; fileRef = A389D66B20A598B9008DB6FE /* FIRImageFetcher.swift */; };
		A389D67520A5BD5F008DB6FE /* FirebaseImageFetcherTests.swift in Sources */ = {isa = PBXBuildFile; fileRef = A389D67420A5BD5F008DB6FE /* FirebaseImageFetcherTests.swift */; };
		A3AC3FBE20AC2DCB00D4B07A /* ContactUsViewController.swift in Sources */ = {isa = PBXBuildFile; fileRef = A3AC3FBD20AC2DCB00D4B07A /* ContactUsViewController.swift */; };
		A3AC3FC420AC565100D4B07A /* ErrorView.swift in Sources */ = {isa = PBXBuildFile; fileRef = A3AC3FC320AC565100D4B07A /* ErrorView.swift */; };
		A3AC3FC620AC566100D4B07A /* ErrorView.xib in Resources */ = {isa = PBXBuildFile; fileRef = A3AC3FC520AC566100D4B07A /* ErrorView.xib */; };
		A3AC3FC920AC5D3B00D4B07A /* Poppins-Regular.otf in Resources */ = {isa = PBXBuildFile; fileRef = A3AC3FC720AC5D3B00D4B07A /* Poppins-Regular.otf */; };
		A3AC3FCA20AC5D3B00D4B07A /* Poppins-SemiBold.otf in Resources */ = {isa = PBXBuildFile; fileRef = A3AC3FC820AC5D3B00D4B07A /* Poppins-SemiBold.otf */; };
		A3AC3FCC20AC673C00D4B07A /* UIColor+Extension.swift in Sources */ = {isa = PBXBuildFile; fileRef = A3AC3FCB20AC673C00D4B07A /* UIColor+Extension.swift */; };
		A3B502FB20A2FD3700FA8546 /* Poppins-Medium.otf in Resources */ = {isa = PBXBuildFile; fileRef = A3B502FA20A2FD3700FA8546 /* Poppins-Medium.otf */; };
		A3B502FE20A31CAE00FA8546 /* ContactUsCollectionViewCell.swift in Sources */ = {isa = PBXBuildFile; fileRef = A3B502FC20A31CAE00FA8546 /* ContactUsCollectionViewCell.swift */; };
		A3B502FF20A31CAE00FA8546 /* ContactUsCollectionViewCell.xib in Resources */ = {isa = PBXBuildFile; fileRef = A3B502FD20A31CAE00FA8546 /* ContactUsCollectionViewCell.xib */; };
		A3BA5EC6208F50FA00E0D34F /* ContactUsInteractable.swift in Sources */ = {isa = PBXBuildFile; fileRef = A3BA5EC5208F50FA00E0D34F /* ContactUsInteractable.swift */; };
		A3BA5EC9208F54BB00E0D34F /* ContactUsPresentable.swift in Sources */ = {isa = PBXBuildFile; fileRef = A3BA5EC8208F54BB00E0D34F /* ContactUsPresentable.swift */; };
		A3BA5ECB208F631100E0D34F /* ContactUsInteractableImplementation.swift in Sources */ = {isa = PBXBuildFile; fileRef = A3BA5ECA208F631100E0D34F /* ContactUsInteractableImplementation.swift */; };
		A3DBE44A209F891600561CE0 /* LoginPresenterViewable.swift in Sources */ = {isa = PBXBuildFile; fileRef = A3DBE449209F891600561CE0 /* LoginPresenterViewable.swift */; };
		A3DBE44C209F8BC300561CE0 /* GeneratedShowcaseMocks.swift in Sources */ = {isa = PBXBuildFile; fileRef = A3DBE44B209F8BC300561CE0 /* GeneratedShowcaseMocks.swift */; };
		A3DEBB5020B3FABD0020EA44 /* ScreenshotCollectionViewCell.xib in Resources */ = {isa = PBXBuildFile; fileRef = A3DEBB4F20B3FABD0020EA44 /* ScreenshotCollectionViewCell.xib */; };
		A3E71966209AFEE10081D5C1 /* BuildFile in Sources */ = {isa = PBXBuildFile; };
		A3E71966209AFEE10081D5C1 /* (null) in Sources */ = {isa = PBXBuildFile; };
		A3E71968209AFEF80081D5C1 /* LoginPresenterInteractable.swift in Sources */ = {isa = PBXBuildFile; fileRef = A3E71967209AFEF80081D5C1 /* LoginPresenterInteractable.swift */; };
		A3E7196B209B06F40081D5C1 /* ContactUsPresenter.swift in Sources */ = {isa = PBXBuildFile; fileRef = A3E7196A209B06F30081D5C1 /* ContactUsPresenter.swift */; };
		A3E7196E209B072A0081D5C1 /* OfficeViewModel.swift in Sources */ = {isa = PBXBuildFile; fileRef = A3E7196D209B072A0081D5C1 /* OfficeViewModel.swift */; };
		A3E71971209B1A200081D5C1 /* ContactUsPresenterViewable.swift in Sources */ = {isa = PBXBuildFile; fileRef = A3E71970209B1A200081D5C1 /* ContactUsPresenterViewable.swift */; };
		A3E71979209B49CF0081D5C1 /* OfficeViewModelTests.swift in Sources */ = {isa = PBXBuildFile; fileRef = A3E71978209B49CF0081D5C1 /* OfficeViewModelTests.swift */; };
		A3E7197F209C55370081D5C1 /* ContactUsPresenterTests.swift in Sources */ = {isa = PBXBuildFile; fileRef = A3E7197E209C55370081D5C1 /* ContactUsPresenterTests.swift */; };
		A3FB58C120A989260093506E /* SharedApplicationDelegate.swift in Sources */ = {isa = PBXBuildFile; fileRef = A3FB58C020A989260093506E /* SharedApplicationDelegate.swift */; };
		A3FB58C520A98A030093506E /* ContactUsCellViewModelTests.swift in Sources */ = {isa = PBXBuildFile; fileRef = A3FB58C420A98A030093506E /* ContactUsCellViewModelTests.swift */; };
		A3FB58C920A9C4F60093506E /* SharedApplicationDelegateImplementation.swift in Sources */ = {isa = PBXBuildFile; fileRef = A3FB58C820A9C4F60093506E /* SharedApplicationDelegateImplementation.swift */; };
		A7914E97872789169122EAF3 /* Pods_Showcase_iOS.framework in Frameworks */ = {isa = PBXBuildFile; fileRef = 6459A849754B0955D19FACF6 /* Pods_Showcase_iOS.framework */; };
		BC02346520A045DE006E6E92 /* Login.storyboard in Resources */ = {isa = PBXBuildFile; fileRef = BC02346420A045DE006E6E92 /* Login.storyboard */; };
		BC02346720A04661006E6E92 /* Home.storyboard in Resources */ = {isa = PBXBuildFile; fileRef = BC02346620A04661006E6E92 /* Home.storyboard */; };
		BC02346920A0472A006E6E92 /* About.storyboard in Resources */ = {isa = PBXBuildFile; fileRef = BC02346820A0472A006E6E92 /* About.storyboard */; };
		BC02346B20A0474D006E6E92 /* Contact.storyboard in Resources */ = {isa = PBXBuildFile; fileRef = BC02346A20A0474D006E6E92 /* Contact.storyboard */; };
		BC02346D20A049BF006E6E92 /* LoginViewController.swift in Sources */ = {isa = PBXBuildFile; fileRef = BC02346C20A049BF006E6E92 /* LoginViewController.swift */; };
		BC02347020A0510A006E6E92 /* AppStoryboard+Enum.swift in Sources */ = {isa = PBXBuildFile; fileRef = BC02346F20A0510A006E6E92 /* AppStoryboard+Enum.swift */; };
		BC02347320A051B2006E6E92 /* UIViewController+Extensions.swift in Sources */ = {isa = PBXBuildFile; fileRef = BC02347220A051B2006E6E92 /* UIViewController+Extensions.swift */; };
		BC34F483209B28B8005CA9C4 /* FirUserProtocol.swift in Sources */ = {isa = PBXBuildFile; fileRef = BC34F482209B28B8005CA9C4 /* FirUserProtocol.swift */; };
		BC40834D20AA07F400A2D49C /* AboutViewController.swift in Sources */ = {isa = PBXBuildFile; fileRef = BC40834C20AA07F400A2D49C /* AboutViewController.swift */; };
		BC425EBD20A45D0E00CBBE56 /* CurvedButton.swift in Sources */ = {isa = PBXBuildFile; fileRef = BC425EBC20A45D0E00CBBE56 /* CurvedButton.swift */; };
		BC4D82B8208F3422003EFB06 /* LoginPresenter.swift in Sources */ = {isa = PBXBuildFile; fileRef = BC4D82B7208F3422003EFB06 /* LoginPresenter.swift */; };
		BC4D82C0208F49CD003EFB06 /* LoginPresentable.swift in Sources */ = {isa = PBXBuildFile; fileRef = BC4D82BF208F49CD003EFB06 /* LoginPresentable.swift */; };
		BC4D82C5208F4CB8003EFB06 /* LoginPresenterTests.swift in Sources */ = {isa = PBXBuildFile; fileRef = BC4D82C4208F4CB8003EFB06 /* LoginPresenterTests.swift */; };
		BC4D82C7208F598C003EFB06 /* EmailValidatorTests.swift in Sources */ = {isa = PBXBuildFile; fileRef = BC4D82C6208F598C003EFB06 /* EmailValidatorTests.swift */; };
		BC4D82CA208F59B1003EFB06 /* EmailValidator.swift in Sources */ = {isa = PBXBuildFile; fileRef = BC4D82C9208F59B1003EFB06 /* EmailValidator.swift */; };
		BC4D82CF208F6F49003EFB06 /* PasswordValidator.swift in Sources */ = {isa = PBXBuildFile; fileRef = BC4D82CE208F6F49003EFB06 /* PasswordValidator.swift */; };
		BC4D82D3208F6FB6003EFB06 /* PasswordValidatorTests.swift in Sources */ = {isa = PBXBuildFile; fileRef = BC4D82D2208F6FB6003EFB06 /* PasswordValidatorTests.swift */; };
		BC5675ED20B2B64B005CC3C3 /* DataSnapshotProtocol.swift in Sources */ = {isa = PBXBuildFile; fileRef = BC5675EC20B2B64B005CC3C3 /* DataSnapshotProtocol.swift */; };
		BC5675EF20B2C869005CC3C3 /* SocialMediaEndPoint.swift in Sources */ = {isa = PBXBuildFile; fileRef = BC5675EE20B2C869005CC3C3 /* SocialMediaEndPoint.swift */; };
		BC56761320B41D36005CC3C3 /* Constants.swift in Sources */ = {isa = PBXBuildFile; fileRef = BC56761220B41D36005CC3C3 /* Constants.swift */; };
		BC56761820B45A81005CC3C3 /* LoginTextField.swift in Sources */ = {isa = PBXBuildFile; fileRef = BC56761720B45A81005CC3C3 /* LoginTextField.swift */; };
		BC56761A20B54E4E005CC3C3 /* UserDefaultsProtocol.swift in Sources */ = {isa = PBXBuildFile; fileRef = BC56761920B54E4E005CC3C3 /* UserDefaultsProtocol.swift */; };
		BC5F20CF20B7FFEE000EABE6 /* KeyboardObservable.swift in Sources */ = {isa = PBXBuildFile; fileRef = BC5F20CC20B7FFEE000EABE6 /* KeyboardObservable.swift */; };
		BC5F20D020B7FFEE000EABE6 /* KeyBoardDelegate.swift in Sources */ = {isa = PBXBuildFile; fileRef = BC5F20CD20B7FFEE000EABE6 /* KeyBoardDelegate.swift */; };
		BC5F20D120B7FFEE000EABE6 /* NotificationCenterDelegate.swift in Sources */ = {isa = PBXBuildFile; fileRef = BC5F20CE20B7FFEE000EABE6 /* NotificationCenterDelegate.swift */; };
		BC5F20D320B82AA9000EABE6 /* SpinnerView.swift in Sources */ = {isa = PBXBuildFile; fileRef = BC5F20D220B82AA9000EABE6 /* SpinnerView.swift */; };
		BC5F20D820BBE8FD000EABE6 /* LoadingView.swift in Sources */ = {isa = PBXBuildFile; fileRef = BC5F20D720BBE8FD000EABE6 /* LoadingView.swift */; };
		BC5F20DA20BBE954000EABE6 /* LoadingView.xib in Resources */ = {isa = PBXBuildFile; fileRef = BC5F20D920BBE954000EABE6 /* LoadingView.xib */; };
		BC6D07362090683F00FFE9DD /* AuthenticationError.swift in Sources */ = {isa = PBXBuildFile; fileRef = BC6D07352090683F00FFE9DD /* AuthenticationError.swift */; };
		BC6D073D2091C8AA00FFE9DD /* AuthErrorCode+Extension.swift in Sources */ = {isa = PBXBuildFile; fileRef = BC6D073C2091C8AA00FFE9DD /* AuthErrorCode+Extension.swift */; };
		BC6D073F209246D400FFE9DD /* AuthErrorCodeTests.swift in Sources */ = {isa = PBXBuildFile; fileRef = BC6D073E209246D400FFE9DD /* AuthErrorCodeTests.swift */; };
		BC6D07412092481100FFE9DD /* ErrorMessage.swift in Sources */ = {isa = PBXBuildFile; fileRef = BC6D07402092481100FFE9DD /* ErrorMessage.swift */; };
		BC8406F1208DE32E00B15318 /* LoginInteractorTests.swift in Sources */ = {isa = PBXBuildFile; fileRef = BC8406F0208DE32E00B15318 /* LoginInteractorTests.swift */; };
		BCE5DA872087A981000458FD /* UserAuthentication.swift in Sources */ = {isa = PBXBuildFile; fileRef = BCE5DA862087A981000458FD /* UserAuthentication.swift */; };
		BCE5DA8D2087AB69000458FD /* UserAuthenticationTests.swift in Sources */ = {isa = PBXBuildFile; fileRef = BCE5DA8C2087AB69000458FD /* UserAuthenticationTests.swift */; };
		BCE5DAC12089D90A000458FD /* Auth+FirebaseAuthenticating.swift in Sources */ = {isa = PBXBuildFile; fileRef = BCE5DAC02089D90A000458FD /* Auth+FirebaseAuthenticating.swift */; };
		BCE5DAC32089D962000458FD /* FirebaseLoginAuthenticating.swift in Sources */ = {isa = PBXBuildFile; fileRef = BCE5DAC22089D962000458FD /* FirebaseLoginAuthenticating.swift */; };
		BCE5DACE208A0908000458FD /* User.swift in Sources */ = {isa = PBXBuildFile; fileRef = BCE5DACD208A0908000458FD /* User.swift */; };
		BCE5DAD3208A1B9B000458FD /* LoginInteractor.swift in Sources */ = {isa = PBXBuildFile; fileRef = BCE5DAD2208A1B9B000458FD /* LoginInteractor.swift */; };
		BCE5DAD7208A23D5000458FD /* LoginAuthenticating.swift in Sources */ = {isa = PBXBuildFile; fileRef = BCE5DAD6208A23D5000458FD /* LoginAuthenticating.swift */; };
		BCE5DADC208A2756000458FD /* LoginInteractorPresentable.swift in Sources */ = {isa = PBXBuildFile; fileRef = BCE5DADB208A2756000458FD /* LoginInteractorPresentable.swift */; };
		BCEDE50120AC46AE005E1F4D /* Routable.swift in Sources */ = {isa = PBXBuildFile; fileRef = BCEDE50020AC46AE005E1F4D /* Routable.swift */; };
		BCEDE50820AC4836005E1F4D /* DependencyContainer.swift in Sources */ = {isa = PBXBuildFile; fileRef = BCEDE50720AC4836005E1F4D /* DependencyContainer.swift */; };
		BCEDE50A20AC5D1A005E1F4D /* AuthDataResultProtocol.swift in Sources */ = {isa = PBXBuildFile; fileRef = BCEDE50920AC5D1A005E1F4D /* AuthDataResultProtocol.swift */; };
		BCEDE51120AEEFE3005E1F4D /* LoginNavigationController.swift in Sources */ = {isa = PBXBuildFile; fileRef = BCEDE51020AEEFE3005E1F4D /* LoginNavigationController.swift */; };
		FB0EE7F65FAF1782422E4431 /* Pods_Showcase_iOSTests.framework in Frameworks */ = {isa = PBXBuildFile; fileRef = 50F34FA43F1070C363C19DD6 /* Pods_Showcase_iOSTests.framework */; };
		FD37E2862099DA52006EA459 /* ShowcaseApp.swift in Sources */ = {isa = PBXBuildFile; fileRef = FD37E2852099DA52006EA459 /* ShowcaseApp.swift */; };
		FD37E2882099DA69006EA459 /* HomePresenterInteractable.swift in Sources */ = {isa = PBXBuildFile; fileRef = FD37E2872099DA69006EA459 /* HomePresenterInteractable.swift */; };
		FD37E28A2099DAA3006EA459 /* HomePresenterInteractorImplementation.swift in Sources */ = {isa = PBXBuildFile; fileRef = FD37E2892099DAA3006EA459 /* HomePresenterInteractorImplementation.swift */; };
		FD37E28C2099DAE5006EA459 /* HomePresentable.swift in Sources */ = {isa = PBXBuildFile; fileRef = FD37E28B2099DAE5006EA459 /* HomePresentable.swift */; };
		FD37E28F2099EC94006EA459 /* HomeInteractableTests.swift in Sources */ = {isa = PBXBuildFile; fileRef = FD37E28E2099EC94006EA459 /* HomeInteractableTests.swift */; };
		FD39F1B020B6A03600C69D2D /* ShowcaseAppDetailViewController.swift in Sources */ = {isa = PBXBuildFile; fileRef = FD39F1AF20B6A03600C69D2D /* ShowcaseAppDetailViewController.swift */; };
		FD39F1B220B6A56A00C69D2D /* Wireframe.swift in Sources */ = {isa = PBXBuildFile; fileRef = FD39F1B120B6A56A00C69D2D /* Wireframe.swift */; };
		FD4E0EC820AACD6F00B97FF7 /* ShowcaseAppCollectionViewCell.xib in Resources */ = {isa = PBXBuildFile; fileRef = FD4E0EC720AACD6F00B97FF7 /* ShowcaseAppCollectionViewCell.xib */; };
		FD5BA71C208DFD0A0002A1A9 /* FirebaseError.swift in Sources */ = {isa = PBXBuildFile; fileRef = FD5BA71B208DFD0A0002A1A9 /* FirebaseError.swift */; };
		FD6FAA9B208E1C1700D108C5 /* DataReferenceableImplementation.swift in Sources */ = {isa = PBXBuildFile; fileRef = FD6FAA9A208E1C1700D108C5 /* DataReferenceableImplementation.swift */; };
		FD71315F208DD3EA0090E2E7 /* Path.swift in Sources */ = {isa = PBXBuildFile; fileRef = FD71315E208DD3EA0090E2E7 /* Path.swift */; };
		FD84DA9220BBF86400ABE936 /* WireframeTests.swift in Sources */ = {isa = PBXBuildFile; fileRef = FD84DA9120BBF86400ABE936 /* WireframeTests.swift */; };
		FD98CA7D20A99F2800FDF031 /* HomeViewController.swift in Sources */ = {isa = PBXBuildFile; fileRef = FD98CA7C20A99F2800FDF031 /* HomeViewController.swift */; };
		FD98CA7F20A99F4D00FDF031 /* TabBarViewController.swift in Sources */ = {isa = PBXBuildFile; fileRef = FD98CA7E20A99F4D00FDF031 /* TabBarViewController.swift */; };
		FD98CA8E20A9BAEF00FDF031 /* ShowcaseAppCollectionViewCell.swift in Sources */ = {isa = PBXBuildFile; fileRef = FD98CA8C20A9BAEF00FDF031 /* ShowcaseAppCollectionViewCell.swift */; };
		FDA1875920B6EB8300F849D0 /* FunctionalityView.xib in Resources */ = {isa = PBXBuildFile; fileRef = FDA1875820B6EB8300F849D0 /* FunctionalityView.xib */; };
		FDA1875B20B6EC6300F849D0 /* TechnologyView.xib in Resources */ = {isa = PBXBuildFile; fileRef = FDA1875A20B6EC6300F849D0 /* TechnologyView.xib */; };
		FDA1875D20B6FD0600F849D0 /* ScreenshotCollectionViewCell.swift in Sources */ = {isa = PBXBuildFile; fileRef = FDA1875C20B6FD0600F849D0 /* ScreenshotCollectionViewCell.swift */; };
		FDA1875F20B836C300F849D0 /* WireframeDelegate.swift in Sources */ = {isa = PBXBuildFile; fileRef = FDA1875E20B836C300F849D0 /* WireframeDelegate.swift */; };
		FDE1AE78209B244C00D383C4 /* HomePresenter.swift in Sources */ = {isa = PBXBuildFile; fileRef = FDE1AE77209B244C00D383C4 /* HomePresenter.swift */; };
		FDE1AE7B209B26A300D383C4 /* HomePresenterViewable.swift in Sources */ = {isa = PBXBuildFile; fileRef = FDE1AE7A209B26A300D383C4 /* HomePresenterViewable.swift */; };
		FDE1AE7E209B2D5A00D383C4 /* ShowcaseAppViewModel.swift in Sources */ = {isa = PBXBuildFile; fileRef = FDE1AE7D209B2D5A00D383C4 /* ShowcaseAppViewModel.swift */; };
		FDE1AE82209B50A300D383C4 /* HomePresentableTests.swift in Sources */ = {isa = PBXBuildFile; fileRef = FDE1AE81209B50A300D383C4 /* HomePresentableTests.swift */; };
		FDE1AE87209C987D00D383C4 /* ShowcaseAppViewModelTests.swift in Sources */ = {isa = PBXBuildFile; fileRef = FDE1AE86209C987D00D383C4 /* ShowcaseAppViewModelTests.swift */; };
/* End PBXBuildFile section */

/* Begin PBXContainerItemProxy section */
		99FB7FF92085F25300B300BA /* PBXContainerItemProxy */ = {
			isa = PBXContainerItemProxy;
			containerPortal = 99FB7FDC2085F25100B300BA /* Project object */;
			proxyType = 1;
			remoteGlobalIDString = 99FB7FE32085F25100B300BA;
			remoteInfo = "Showcase-iOS";
		};
/* End PBXContainerItemProxy section */

/* Begin PBXFileReference section */
		459C8BC1AC39C3E51A8A77B1 /* Pods-Showcase-iOSTests.release.xcconfig */ = {isa = PBXFileReference; includeInIndex = 1; lastKnownFileType = text.xcconfig; name = "Pods-Showcase-iOSTests.release.xcconfig"; path = "Pods/Target Support Files/Pods-Showcase-iOSTests/Pods-Showcase-iOSTests.release.xcconfig"; sourceTree = "<group>"; };
		4B4C7B03B35181B9EAC7E9BE /* Pods_Showcase_iOS.framework */ = {isa = PBXFileReference; explicitFileType = wrapper.framework; includeInIndex = 0; path = Pods_Showcase_iOS.framework; sourceTree = BUILT_PRODUCTS_DIR; };
		50F34FA43F1070C363C19DD6 /* Pods_Showcase_iOSTests.framework */ = {isa = PBXFileReference; explicitFileType = wrapper.framework; includeInIndex = 0; path = Pods_Showcase_iOSTests.framework; sourceTree = BUILT_PRODUCTS_DIR; };
		522062A06BC78E80B1E4A3C9 /* Pods-Showcase-iOS.release.xcconfig */ = {isa = PBXFileReference; includeInIndex = 1; lastKnownFileType = text.xcconfig; name = "Pods-Showcase-iOS.release.xcconfig"; path = "Pods/Target Support Files/Pods-Showcase-iOS/Pods-Showcase-iOS.release.xcconfig"; sourceTree = "<group>"; };
		6459A849754B0955D19FACF6 /* Pods_Showcase_iOS.framework */ = {isa = PBXFileReference; explicitFileType = wrapper.framework; includeInIndex = 0; path = Pods_Showcase_iOS.framework; sourceTree = BUILT_PRODUCTS_DIR; };
		6D6050B0886C0B0AA0559001 /* Pods-Showcase-iOS.debug.xcconfig */ = {isa = PBXFileReference; includeInIndex = 1; lastKnownFileType = text.xcconfig; name = "Pods-Showcase-iOS.debug.xcconfig"; path = "Pods/Target Support Files/Pods-Showcase-iOS/Pods-Showcase-iOS.debug.xcconfig"; sourceTree = "<group>"; };
		8575F69F2508AC86277FA687 /* Pods_Showcase_iOSTests.framework */ = {isa = PBXFileReference; explicitFileType = wrapper.framework; includeInIndex = 0; path = Pods_Showcase_iOSTests.framework; sourceTree = BUILT_PRODUCTS_DIR; };
		955A8584B6EB37219340E49C /* Pods-Showcase-iOSTests.debug.xcconfig */ = {isa = PBXFileReference; includeInIndex = 1; lastKnownFileType = text.xcconfig; name = "Pods-Showcase-iOSTests.debug.xcconfig"; path = "Pods/Target Support Files/Pods-Showcase-iOSTests/Pods-Showcase-iOSTests.debug.xcconfig"; sourceTree = "<group>"; };
		99FB7FE42085F25100B300BA /* Showcase-iOS.app */ = {isa = PBXFileReference; explicitFileType = wrapper.application; includeInIndex = 0; path = "Showcase-iOS.app"; sourceTree = BUILT_PRODUCTS_DIR; };
		99FB7FE72085F25100B300BA /* AppDelegate.swift */ = {isa = PBXFileReference; lastKnownFileType = sourcecode.swift; path = AppDelegate.swift; sourceTree = "<group>"; };
		99FB7FEC2085F25100B300BA /* Base */ = {isa = PBXFileReference; lastKnownFileType = file.storyboard; name = Base; path = Base.lproj/Main.storyboard; sourceTree = "<group>"; };
		99FB7FEE2085F25200B300BA /* Assets.xcassets */ = {isa = PBXFileReference; lastKnownFileType = folder.assetcatalog; path = Assets.xcassets; sourceTree = "<group>"; };
		99FB7FF12085F25200B300BA /* Base */ = {isa = PBXFileReference; lastKnownFileType = file.storyboard; name = Base; path = Base.lproj/LaunchScreen.storyboard; sourceTree = "<group>"; };
		99FB7FF32085F25200B300BA /* Info.plist */ = {isa = PBXFileReference; lastKnownFileType = text.plist.xml; path = Info.plist; sourceTree = "<group>"; };
		99FB7FF82085F25300B300BA /* Showcase-iOSTests.xctest */ = {isa = PBXFileReference; explicitFileType = wrapper.cfbundle; includeInIndex = 0; path = "Showcase-iOSTests.xctest"; sourceTree = BUILT_PRODUCTS_DIR; };
		99FB7FFE2085F25300B300BA /* Info.plist */ = {isa = PBXFileReference; lastKnownFileType = text.plist.xml; path = Info.plist; sourceTree = "<group>"; };
		99FB80072085FAC300B300BA /* GoogleService-Info.plist */ = {isa = PBXFileReference; fileEncoding = 4; lastKnownFileType = text.plist.xml; path = "GoogleService-Info.plist"; sourceTree = SOURCE_ROOT; };
		99FB800A20860C4500B300BA /* Viewable.swift */ = {isa = PBXFileReference; lastKnownFileType = sourcecode.swift; path = Viewable.swift; sourceTree = "<group>"; };
		A30087C1209718F70095FAC1 /* ContactUsInteractableTests.swift */ = {isa = PBXFileReference; lastKnownFileType = sourcecode.swift; path = ContactUsInteractableTests.swift; sourceTree = "<group>"; };
		A30146FD20AD600E00E8DE4E /* UIView+Utilities.swift */ = {isa = PBXFileReference; lastKnownFileType = sourcecode.swift; path = "UIView+Utilities.swift"; sourceTree = "<group>"; };
		A307F68820B2EE7A0083E119 /* MainDetailView.xib */ = {isa = PBXFileReference; lastKnownFileType = file.xib; path = MainDetailView.xib; sourceTree = "<group>"; };
		A339977E208D12D8004776AB /* Office.swift */ = {isa = PBXFileReference; lastKnownFileType = sourcecode.swift; path = Office.swift; sourceTree = "<group>"; };
		A33D79B220887BAA00D272E7 /* DatabaseReference+Extension.swift */ = {isa = PBXFileReference; lastKnownFileType = sourcecode.swift; path = "DatabaseReference+Extension.swift"; sourceTree = "<group>"; };
		A34475432088B318001734CA /* DatabaseReferenceTests.swift */ = {isa = PBXFileReference; lastKnownFileType = sourcecode.swift; path = DatabaseReferenceTests.swift; sourceTree = "<group>"; };
		A36A55552099E4990037C4BF /* DataReferenceable.swift */ = {isa = PBXFileReference; fileEncoding = 4; lastKnownFileType = sourcecode.swift; path = DataReferenceable.swift; sourceTree = "<group>"; };
		A374CC3B20B48553001BCD18 /* FunctionalityView.swift */ = {isa = PBXFileReference; lastKnownFileType = sourcecode.swift; path = FunctionalityView.swift; sourceTree = "<group>"; };
		A374CC3E20B4878E001BCD18 /* TechnologyView.swift */ = {isa = PBXFileReference; lastKnownFileType = sourcecode.swift; path = TechnologyView.swift; sourceTree = "<group>"; };
		A37BD16520AE9E15009C23A0 /* ContactUsNavigatorDelegate.swift */ = {isa = PBXFileReference; lastKnownFileType = sourcecode.swift; path = ContactUsNavigatorDelegate.swift; sourceTree = "<group>"; };
		A37BD16720AE9E98009C23A0 /* ContactUsNavigatorImplementation.swift */ = {isa = PBXFileReference; lastKnownFileType = sourcecode.swift; path = ContactUsNavigatorImplementation.swift; sourceTree = "<group>"; };
		A388971D20B42FDA0091224A /* MainDetailView.swift */ = {isa = PBXFileReference; lastKnownFileType = sourcecode.swift; path = MainDetailView.swift; sourceTree = "<group>"; };
		A389D65C20A4444A008DB6FE /* ContactUsCellViewModel.swift */ = {isa = PBXFileReference; lastKnownFileType = sourcecode.swift; path = ContactUsCellViewModel.swift; sourceTree = "<group>"; };
		A389D65F20A444B3008DB6FE /* ContactUsDelegate.swift */ = {isa = PBXFileReference; lastKnownFileType = sourcecode.swift; path = ContactUsDelegate.swift; sourceTree = "<group>"; };
		A389D66220A59471008DB6FE /* FirebaseStorageExtension.swift */ = {isa = PBXFileReference; lastKnownFileType = sourcecode.swift; path = FirebaseStorageExtension.swift; sourceTree = "<group>"; };
		A389D66420A594EB008DB6FE /* FIRStoring.swift */ = {isa = PBXFileReference; lastKnownFileType = sourcecode.swift; path = FIRStoring.swift; sourceTree = "<group>"; };
		A389D66620A59556008DB6FE /* StorageReferenceable.swift */ = {isa = PBXFileReference; lastKnownFileType = sourcecode.swift; path = StorageReferenceable.swift; sourceTree = "<group>"; };
		A389D66820A595F7008DB6FE /* StorageReferenceExtension.swift */ = {isa = PBXFileReference; lastKnownFileType = sourcecode.swift; path = StorageReferenceExtension.swift; sourceTree = "<group>"; };
		A389D66B20A598B9008DB6FE /* FIRImageFetcher.swift */ = {isa = PBXFileReference; lastKnownFileType = sourcecode.swift; path = FIRImageFetcher.swift; sourceTree = "<group>"; };
		A389D67420A5BD5F008DB6FE /* FirebaseImageFetcherTests.swift */ = {isa = PBXFileReference; lastKnownFileType = sourcecode.swift; path = FirebaseImageFetcherTests.swift; sourceTree = "<group>"; };
		A3AC3FBD20AC2DCB00D4B07A /* ContactUsViewController.swift */ = {isa = PBXFileReference; lastKnownFileType = sourcecode.swift; path = ContactUsViewController.swift; sourceTree = "<group>"; };
		A3AC3FC320AC565100D4B07A /* ErrorView.swift */ = {isa = PBXFileReference; lastKnownFileType = sourcecode.swift; path = ErrorView.swift; sourceTree = "<group>"; };
		A3AC3FC520AC566100D4B07A /* ErrorView.xib */ = {isa = PBXFileReference; lastKnownFileType = file.xib; path = ErrorView.xib; sourceTree = "<group>"; };
		A3AC3FC720AC5D3B00D4B07A /* Poppins-Regular.otf */ = {isa = PBXFileReference; lastKnownFileType = file; path = "Poppins-Regular.otf"; sourceTree = "<group>"; };
		A3AC3FC820AC5D3B00D4B07A /* Poppins-SemiBold.otf */ = {isa = PBXFileReference; lastKnownFileType = file; path = "Poppins-SemiBold.otf"; sourceTree = "<group>"; };
		A3AC3FCB20AC673C00D4B07A /* UIColor+Extension.swift */ = {isa = PBXFileReference; lastKnownFileType = sourcecode.swift; path = "UIColor+Extension.swift"; sourceTree = "<group>"; };
		A3B502FA20A2FD3700FA8546 /* Poppins-Medium.otf */ = {isa = PBXFileReference; lastKnownFileType = file; path = "Poppins-Medium.otf"; sourceTree = "<group>"; };
		A3B502FC20A31CAE00FA8546 /* ContactUsCollectionViewCell.swift */ = {isa = PBXFileReference; lastKnownFileType = sourcecode.swift; path = ContactUsCollectionViewCell.swift; sourceTree = "<group>"; };
		A3B502FD20A31CAE00FA8546 /* ContactUsCollectionViewCell.xib */ = {isa = PBXFileReference; lastKnownFileType = file.xib; path = ContactUsCollectionViewCell.xib; sourceTree = "<group>"; };
		A3BA5EC5208F50FA00E0D34F /* ContactUsInteractable.swift */ = {isa = PBXFileReference; lastKnownFileType = sourcecode.swift; path = ContactUsInteractable.swift; sourceTree = "<group>"; };
		A3BA5EC8208F54BB00E0D34F /* ContactUsPresentable.swift */ = {isa = PBXFileReference; lastKnownFileType = sourcecode.swift; path = ContactUsPresentable.swift; sourceTree = "<group>"; };
		A3BA5ECA208F631100E0D34F /* ContactUsInteractableImplementation.swift */ = {isa = PBXFileReference; lastKnownFileType = sourcecode.swift; path = ContactUsInteractableImplementation.swift; sourceTree = "<group>"; };
		A3DBE449209F891600561CE0 /* LoginPresenterViewable.swift */ = {isa = PBXFileReference; fileEncoding = 4; lastKnownFileType = sourcecode.swift; path = LoginPresenterViewable.swift; sourceTree = "<group>"; };
		A3DBE44B209F8BC300561CE0 /* GeneratedShowcaseMocks.swift */ = {isa = PBXFileReference; fileEncoding = 4; lastKnownFileType = sourcecode.swift; path = GeneratedShowcaseMocks.swift; sourceTree = "<group>"; };
		A3DEBB4F20B3FABD0020EA44 /* ScreenshotCollectionViewCell.xib */ = {isa = PBXFileReference; lastKnownFileType = file.xib; path = ScreenshotCollectionViewCell.xib; sourceTree = "<group>"; };
		A3E71967209AFEF80081D5C1 /* LoginPresenterInteractable.swift */ = {isa = PBXFileReference; fileEncoding = 4; lastKnownFileType = sourcecode.swift; path = LoginPresenterInteractable.swift; sourceTree = "<group>"; };
		A3E7196A209B06F30081D5C1 /* ContactUsPresenter.swift */ = {isa = PBXFileReference; fileEncoding = 4; lastKnownFileType = sourcecode.swift; path = ContactUsPresenter.swift; sourceTree = "<group>"; };
		A3E7196D209B072A0081D5C1 /* OfficeViewModel.swift */ = {isa = PBXFileReference; fileEncoding = 4; lastKnownFileType = sourcecode.swift; path = OfficeViewModel.swift; sourceTree = "<group>"; };
		A3E71970209B1A200081D5C1 /* ContactUsPresenterViewable.swift */ = {isa = PBXFileReference; lastKnownFileType = sourcecode.swift; path = ContactUsPresenterViewable.swift; sourceTree = "<group>"; };
		A3E71978209B49CF0081D5C1 /* OfficeViewModelTests.swift */ = {isa = PBXFileReference; lastKnownFileType = sourcecode.swift; path = OfficeViewModelTests.swift; sourceTree = "<group>"; };
		A3E7197E209C55370081D5C1 /* ContactUsPresenterTests.swift */ = {isa = PBXFileReference; lastKnownFileType = sourcecode.swift; path = ContactUsPresenterTests.swift; sourceTree = "<group>"; };
		A3FB58C020A989260093506E /* SharedApplicationDelegate.swift */ = {isa = PBXFileReference; lastKnownFileType = sourcecode.swift; path = SharedApplicationDelegate.swift; sourceTree = "<group>"; };
		A3FB58C420A98A030093506E /* ContactUsCellViewModelTests.swift */ = {isa = PBXFileReference; lastKnownFileType = sourcecode.swift; path = ContactUsCellViewModelTests.swift; sourceTree = "<group>"; };
		A3FB58C820A9C4F60093506E /* SharedApplicationDelegateImplementation.swift */ = {isa = PBXFileReference; lastKnownFileType = sourcecode.swift; path = SharedApplicationDelegateImplementation.swift; sourceTree = "<group>"; };
		BC02346420A045DE006E6E92 /* Login.storyboard */ = {isa = PBXFileReference; fileEncoding = 4; lastKnownFileType = file.storyboard; path = Login.storyboard; sourceTree = "<group>"; };
		BC02346620A04661006E6E92 /* Home.storyboard */ = {isa = PBXFileReference; fileEncoding = 4; lastKnownFileType = file.storyboard; path = Home.storyboard; sourceTree = "<group>"; };
		BC02346820A0472A006E6E92 /* About.storyboard */ = {isa = PBXFileReference; fileEncoding = 4; lastKnownFileType = file.storyboard; path = About.storyboard; sourceTree = "<group>"; };
		BC02346A20A0474D006E6E92 /* Contact.storyboard */ = {isa = PBXFileReference; fileEncoding = 4; lastKnownFileType = file.storyboard; path = Contact.storyboard; sourceTree = "<group>"; };
		BC02346C20A049BF006E6E92 /* LoginViewController.swift */ = {isa = PBXFileReference; lastKnownFileType = sourcecode.swift; path = LoginViewController.swift; sourceTree = "<group>"; };
		BC02346F20A0510A006E6E92 /* AppStoryboard+Enum.swift */ = {isa = PBXFileReference; lastKnownFileType = sourcecode.swift; path = "AppStoryboard+Enum.swift"; sourceTree = "<group>"; };
		BC02347220A051B2006E6E92 /* UIViewController+Extensions.swift */ = {isa = PBXFileReference; lastKnownFileType = sourcecode.swift; path = "UIViewController+Extensions.swift"; sourceTree = "<group>"; };
		BC34F482209B28B8005CA9C4 /* FirUserProtocol.swift */ = {isa = PBXFileReference; lastKnownFileType = sourcecode.swift; path = FirUserProtocol.swift; sourceTree = "<group>"; };
		BC40834C20AA07F400A2D49C /* AboutViewController.swift */ = {isa = PBXFileReference; lastKnownFileType = sourcecode.swift; path = AboutViewController.swift; sourceTree = "<group>"; };
		BC425EBC20A45D0E00CBBE56 /* CurvedButton.swift */ = {isa = PBXFileReference; lastKnownFileType = sourcecode.swift; path = CurvedButton.swift; sourceTree = "<group>"; };
		BC4D82B7208F3422003EFB06 /* LoginPresenter.swift */ = {isa = PBXFileReference; lastKnownFileType = sourcecode.swift; path = LoginPresenter.swift; sourceTree = "<group>"; };
		BC4D82BF208F49CD003EFB06 /* LoginPresentable.swift */ = {isa = PBXFileReference; lastKnownFileType = sourcecode.swift; path = LoginPresentable.swift; sourceTree = "<group>"; };
		BC4D82C4208F4CB8003EFB06 /* LoginPresenterTests.swift */ = {isa = PBXFileReference; lastKnownFileType = sourcecode.swift; path = LoginPresenterTests.swift; sourceTree = "<group>"; };
		BC4D82C6208F598C003EFB06 /* EmailValidatorTests.swift */ = {isa = PBXFileReference; lastKnownFileType = sourcecode.swift; path = EmailValidatorTests.swift; sourceTree = "<group>"; };
		BC4D82C9208F59B1003EFB06 /* EmailValidator.swift */ = {isa = PBXFileReference; lastKnownFileType = sourcecode.swift; path = EmailValidator.swift; sourceTree = "<group>"; };
		BC4D82CE208F6F49003EFB06 /* PasswordValidator.swift */ = {isa = PBXFileReference; lastKnownFileType = sourcecode.swift; path = PasswordValidator.swift; sourceTree = "<group>"; };
		BC4D82D2208F6FB6003EFB06 /* PasswordValidatorTests.swift */ = {isa = PBXFileReference; lastKnownFileType = sourcecode.swift; path = PasswordValidatorTests.swift; sourceTree = "<group>"; };
		BC5675EC20B2B64B005CC3C3 /* DataSnapshotProtocol.swift */ = {isa = PBXFileReference; lastKnownFileType = sourcecode.swift; path = DataSnapshotProtocol.swift; sourceTree = "<group>"; };
		BC5675EE20B2C869005CC3C3 /* SocialMediaEndPoint.swift */ = {isa = PBXFileReference; lastKnownFileType = sourcecode.swift; path = SocialMediaEndPoint.swift; sourceTree = "<group>"; };
		BC56761220B41D36005CC3C3 /* Constants.swift */ = {isa = PBXFileReference; lastKnownFileType = sourcecode.swift; path = Constants.swift; sourceTree = "<group>"; };
		BC56761720B45A81005CC3C3 /* LoginTextField.swift */ = {isa = PBXFileReference; lastKnownFileType = sourcecode.swift; path = LoginTextField.swift; sourceTree = "<group>"; };
		BC56761920B54E4E005CC3C3 /* UserDefaultsProtocol.swift */ = {isa = PBXFileReference; lastKnownFileType = sourcecode.swift; path = UserDefaultsProtocol.swift; sourceTree = "<group>"; };
		BC5F20CC20B7FFEE000EABE6 /* KeyboardObservable.swift */ = {isa = PBXFileReference; fileEncoding = 4; lastKnownFileType = sourcecode.swift; path = KeyboardObservable.swift; sourceTree = "<group>"; };
		BC5F20CD20B7FFEE000EABE6 /* KeyBoardDelegate.swift */ = {isa = PBXFileReference; fileEncoding = 4; lastKnownFileType = sourcecode.swift; path = KeyBoardDelegate.swift; sourceTree = "<group>"; };
		BC5F20CE20B7FFEE000EABE6 /* NotificationCenterDelegate.swift */ = {isa = PBXFileReference; fileEncoding = 4; lastKnownFileType = sourcecode.swift; path = NotificationCenterDelegate.swift; sourceTree = "<group>"; };
		BC5F20D220B82AA9000EABE6 /* SpinnerView.swift */ = {isa = PBXFileReference; lastKnownFileType = sourcecode.swift; path = SpinnerView.swift; sourceTree = "<group>"; };
		BC5F20D720BBE8FD000EABE6 /* LoadingView.swift */ = {isa = PBXFileReference; lastKnownFileType = sourcecode.swift; path = LoadingView.swift; sourceTree = "<group>"; };
		BC5F20D920BBE954000EABE6 /* LoadingView.xib */ = {isa = PBXFileReference; lastKnownFileType = file.xib; path = LoadingView.xib; sourceTree = "<group>"; };
		BC6D07352090683F00FFE9DD /* AuthenticationError.swift */ = {isa = PBXFileReference; lastKnownFileType = sourcecode.swift; path = AuthenticationError.swift; sourceTree = "<group>"; };
		BC6D073C2091C8AA00FFE9DD /* AuthErrorCode+Extension.swift */ = {isa = PBXFileReference; lastKnownFileType = sourcecode.swift; path = "AuthErrorCode+Extension.swift"; sourceTree = "<group>"; };
		BC6D073E209246D400FFE9DD /* AuthErrorCodeTests.swift */ = {isa = PBXFileReference; lastKnownFileType = sourcecode.swift; path = AuthErrorCodeTests.swift; sourceTree = "<group>"; };
		BC6D07402092481100FFE9DD /* ErrorMessage.swift */ = {isa = PBXFileReference; lastKnownFileType = sourcecode.swift; path = ErrorMessage.swift; sourceTree = "<group>"; };
		BC8406F0208DE32E00B15318 /* LoginInteractorTests.swift */ = {isa = PBXFileReference; lastKnownFileType = sourcecode.swift; path = LoginInteractorTests.swift; sourceTree = "<group>"; };
		BCE5DA862087A981000458FD /* UserAuthentication.swift */ = {isa = PBXFileReference; lastKnownFileType = sourcecode.swift; path = UserAuthentication.swift; sourceTree = "<group>"; };
		BCE5DA8C2087AB69000458FD /* UserAuthenticationTests.swift */ = {isa = PBXFileReference; lastKnownFileType = sourcecode.swift; path = UserAuthenticationTests.swift; sourceTree = "<group>"; };
		BCE5DAC02089D90A000458FD /* Auth+FirebaseAuthenticating.swift */ = {isa = PBXFileReference; lastKnownFileType = sourcecode.swift; path = "Auth+FirebaseAuthenticating.swift"; sourceTree = "<group>"; };
		BCE5DAC22089D962000458FD /* FirebaseLoginAuthenticating.swift */ = {isa = PBXFileReference; lastKnownFileType = sourcecode.swift; path = FirebaseLoginAuthenticating.swift; sourceTree = "<group>"; };
		BCE5DAC42089DA2A000458FD /* GeneratedShowcaseMocks.swift */ = {isa = PBXFileReference; fileEncoding = 4; lastKnownFileType = sourcecode.swift; path = GeneratedShowcaseMocks.swift; sourceTree = "<group>"; };
		BCE5DACD208A0908000458FD /* User.swift */ = {isa = PBXFileReference; lastKnownFileType = sourcecode.swift; path = User.swift; sourceTree = "<group>"; };
		BCE5DAD2208A1B9B000458FD /* LoginInteractor.swift */ = {isa = PBXFileReference; lastKnownFileType = sourcecode.swift; path = LoginInteractor.swift; sourceTree = "<group>"; };
		BCE5DAD6208A23D5000458FD /* LoginAuthenticating.swift */ = {isa = PBXFileReference; lastKnownFileType = sourcecode.swift; path = LoginAuthenticating.swift; sourceTree = "<group>"; };
		BCE5DADB208A2756000458FD /* LoginInteractorPresentable.swift */ = {isa = PBXFileReference; lastKnownFileType = sourcecode.swift; path = LoginInteractorPresentable.swift; sourceTree = "<group>"; };
		BCEDE50020AC46AE005E1F4D /* Routable.swift */ = {isa = PBXFileReference; lastKnownFileType = sourcecode.swift; path = Routable.swift; sourceTree = "<group>"; };
		BCEDE50720AC4836005E1F4D /* DependencyContainer.swift */ = {isa = PBXFileReference; lastKnownFileType = sourcecode.swift; path = DependencyContainer.swift; sourceTree = "<group>"; };
		BCEDE50920AC5D1A005E1F4D /* AuthDataResultProtocol.swift */ = {isa = PBXFileReference; lastKnownFileType = sourcecode.swift; path = AuthDataResultProtocol.swift; sourceTree = "<group>"; };
		BCEDE51020AEEFE3005E1F4D /* LoginNavigationController.swift */ = {isa = PBXFileReference; lastKnownFileType = sourcecode.swift; path = LoginNavigationController.swift; sourceTree = "<group>"; };
		FD37E2852099DA52006EA459 /* ShowcaseApp.swift */ = {isa = PBXFileReference; lastKnownFileType = sourcecode.swift; path = ShowcaseApp.swift; sourceTree = "<group>"; };
		FD37E2872099DA69006EA459 /* HomePresenterInteractable.swift */ = {isa = PBXFileReference; lastKnownFileType = sourcecode.swift; path = HomePresenterInteractable.swift; sourceTree = "<group>"; };
		FD37E2892099DAA3006EA459 /* HomePresenterInteractorImplementation.swift */ = {isa = PBXFileReference; lastKnownFileType = sourcecode.swift; path = HomePresenterInteractorImplementation.swift; sourceTree = "<group>"; };
		FD37E28B2099DAE5006EA459 /* HomePresentable.swift */ = {isa = PBXFileReference; lastKnownFileType = sourcecode.swift; path = HomePresentable.swift; sourceTree = "<group>"; };
		FD37E28E2099EC94006EA459 /* HomeInteractableTests.swift */ = {isa = PBXFileReference; lastKnownFileType = sourcecode.swift; path = HomeInteractableTests.swift; sourceTree = "<group>"; };
		FD39F1AF20B6A03600C69D2D /* ShowcaseAppDetailViewController.swift */ = {isa = PBXFileReference; lastKnownFileType = sourcecode.swift; path = ShowcaseAppDetailViewController.swift; sourceTree = "<group>"; };
		FD39F1B120B6A56A00C69D2D /* Wireframe.swift */ = {isa = PBXFileReference; lastKnownFileType = sourcecode.swift; path = Wireframe.swift; sourceTree = "<group>"; };
		FD4E0EC720AACD6F00B97FF7 /* ShowcaseAppCollectionViewCell.xib */ = {isa = PBXFileReference; fileEncoding = 4; lastKnownFileType = file.xib; path = ShowcaseAppCollectionViewCell.xib; sourceTree = "<group>"; };
		FD5BA71B208DFD0A0002A1A9 /* FirebaseError.swift */ = {isa = PBXFileReference; lastKnownFileType = sourcecode.swift; path = FirebaseError.swift; sourceTree = "<group>"; };
		FD6FAA9A208E1C1700D108C5 /* DataReferenceableImplementation.swift */ = {isa = PBXFileReference; fileEncoding = 4; lastKnownFileType = sourcecode.swift; path = DataReferenceableImplementation.swift; sourceTree = "<group>"; };
		FD71315E208DD3EA0090E2E7 /* Path.swift */ = {isa = PBXFileReference; lastKnownFileType = sourcecode.swift; path = Path.swift; sourceTree = "<group>"; };
		FD84DA9120BBF86400ABE936 /* WireframeTests.swift */ = {isa = PBXFileReference; lastKnownFileType = sourcecode.swift; path = WireframeTests.swift; sourceTree = "<group>"; };
		FD98CA7C20A99F2800FDF031 /* HomeViewController.swift */ = {isa = PBXFileReference; lastKnownFileType = sourcecode.swift; path = HomeViewController.swift; sourceTree = "<group>"; };
		FD98CA7E20A99F4D00FDF031 /* TabBarViewController.swift */ = {isa = PBXFileReference; lastKnownFileType = sourcecode.swift; path = TabBarViewController.swift; sourceTree = "<group>"; };
		FD98CA8C20A9BAEF00FDF031 /* ShowcaseAppCollectionViewCell.swift */ = {isa = PBXFileReference; lastKnownFileType = sourcecode.swift; path = ShowcaseAppCollectionViewCell.swift; sourceTree = "<group>"; };
		FDA1875820B6EB8300F849D0 /* FunctionalityView.xib */ = {isa = PBXFileReference; lastKnownFileType = file.xib; path = FunctionalityView.xib; sourceTree = "<group>"; };
		FDA1875A20B6EC6300F849D0 /* TechnologyView.xib */ = {isa = PBXFileReference; lastKnownFileType = file.xib; path = TechnologyView.xib; sourceTree = "<group>"; };
		FDA1875C20B6FD0600F849D0 /* ScreenshotCollectionViewCell.swift */ = {isa = PBXFileReference; lastKnownFileType = sourcecode.swift; path = ScreenshotCollectionViewCell.swift; sourceTree = "<group>"; };
		FDA1875E20B836C300F849D0 /* WireframeDelegate.swift */ = {isa = PBXFileReference; lastKnownFileType = sourcecode.swift; path = WireframeDelegate.swift; sourceTree = "<group>"; };
		FDE1AE77209B244C00D383C4 /* HomePresenter.swift */ = {isa = PBXFileReference; lastKnownFileType = sourcecode.swift; path = HomePresenter.swift; sourceTree = "<group>"; };
		FDE1AE7A209B26A300D383C4 /* HomePresenterViewable.swift */ = {isa = PBXFileReference; lastKnownFileType = sourcecode.swift; path = HomePresenterViewable.swift; sourceTree = "<group>"; };
		FDE1AE7D209B2D5A00D383C4 /* ShowcaseAppViewModel.swift */ = {isa = PBXFileReference; lastKnownFileType = sourcecode.swift; path = ShowcaseAppViewModel.swift; sourceTree = "<group>"; };
		FDE1AE81209B50A300D383C4 /* HomePresentableTests.swift */ = {isa = PBXFileReference; lastKnownFileType = sourcecode.swift; path = HomePresentableTests.swift; sourceTree = "<group>"; };
		FDE1AE86209C987D00D383C4 /* ShowcaseAppViewModelTests.swift */ = {isa = PBXFileReference; lastKnownFileType = sourcecode.swift; path = ShowcaseAppViewModelTests.swift; sourceTree = "<group>"; };
/* End PBXFileReference section */

/* Begin PBXFrameworksBuildPhase section */
		99FB7FE12085F25100B300BA /* Frameworks */ = {
			isa = PBXFrameworksBuildPhase;
			buildActionMask = 2147483647;
			files = (
				A7914E97872789169122EAF3 /* Pods_Showcase_iOS.framework in Frameworks */,
				39E1F52AC0D64A1C1128757B /* Pods_Showcase_iOS.framework in Frameworks */,
			);
			runOnlyForDeploymentPostprocessing = 0;
		};
		99FB7FF52085F25300B300BA /* Frameworks */ = {
			isa = PBXFrameworksBuildPhase;
			buildActionMask = 2147483647;
			files = (
				4EBC1048D475CDDB64A2C22F /* Pods_Showcase_iOSTests.framework in Frameworks */,
				FB0EE7F65FAF1782422E4431 /* Pods_Showcase_iOSTests.framework in Frameworks */,
			);
			runOnlyForDeploymentPostprocessing = 0;
		};
/* End PBXFrameworksBuildPhase section */

/* Begin PBXGroup section */
		99FB7FDB2085F25100B300BA = {
			isa = PBXGroup;
			children = (
				99FB7FE62085F25100B300BA /* Showcase-iOS */,
				99FB7FFB2085F25300B300BA /* Showcase-iOSTests */,
				99FB7FE52085F25100B300BA /* Products */,
				FD0880512090923C00B814FE /* Recovered References */,
				A220CF04203886F47A11B2C8 /* Pods */,
				F8B264866339C04A655A574F /* Frameworks */,
			);
			sourceTree = "<group>";
		};
		99FB7FE52085F25100B300BA /* Products */ = {
			isa = PBXGroup;
			children = (
				99FB7FE42085F25100B300BA /* Showcase-iOS.app */,
				99FB7FF82085F25300B300BA /* Showcase-iOSTests.xctest */,
			);
			name = Products;
			sourceTree = "<group>";
		};
		99FB7FE62085F25100B300BA /* Showcase-iOS */ = {
			isa = PBXGroup;
			children = (
				A37BD16420AE9DCE009C23A0 /* Fonts */,
				A3AC3FBF20AC55CC00D4B07A /* ShowcaseError */,
				BC40834B20AA07D500A2D49C /* About */,
				BCEDE50620AC481A005E1F4D /* DependencyContainer */,
				BCEDE4FF20AC469B005E1F4D /* Router */,
				FD37E2812099DA20006EA459 /* Dashboard */,
				BC4D82C8208F599E003EFB06 /* Helpers */,
				A3399789208E0514004776AB /* Contact Us */,
				FD71315D208DD3AD0090E2E7 /* Enum */,
				A33D79AA2088795C00D272E7 /* Firebase */,
				BCE5DA822087A93B000458FD /* Login */,
				99FB80072085FAC300B300BA /* GoogleService-Info.plist */,
				99FB7FE72085F25100B300BA /* AppDelegate.swift */,
				BC02346620A04661006E6E92 /* Home.storyboard */,
				BC02346820A0472A006E6E92 /* About.storyboard */,
				BC02346A20A0474D006E6E92 /* Contact.storyboard */,
				BC02346420A045DE006E6E92 /* Login.storyboard */,
				99FB7FEB2085F25100B300BA /* Main.storyboard */,
				99FB7FEE2085F25200B300BA /* Assets.xcassets */,
				99FB7FF02085F25200B300BA /* LaunchScreen.storyboard */,
				99FB7FF32085F25200B300BA /* Info.plist */,
				99FB800A20860C4500B300BA /* Viewable.swift */,
			);
			path = "Showcase-iOS";
			sourceTree = "<group>";
		};
		99FB7FFB2085F25300B300BA /* Showcase-iOSTests */ = {
			isa = PBXGroup;
			children = (
				FD84DA9020BBF82A00ABE936 /* Wireframe */,
				A389D66D20A59EDF008DB6FE /* FIRStorageTests */,
				A3DBE44B209F8BC300561CE0 /* GeneratedShowcaseMocks.swift */,
				FD37E28D2099EC5F006EA459 /* Dashboard */,
				A36AE4872091B32A008ABB67 /* Contact Us */,
				A34475472089EFFF001734CA /* FirebaseDataBase */,
				BCE5DA8A2087AB31000458FD /* Login */,
				99FB7FFE2085F25300B300BA /* Info.plist */,
				BC4D82C6208F598C003EFB06 /* EmailValidatorTests.swift */,
				BC4D82D2208F6FB6003EFB06 /* PasswordValidatorTests.swift */,
				BC6D073E209246D400FFE9DD /* AuthErrorCodeTests.swift */,
			);
			path = "Showcase-iOSTests";
			sourceTree = "<group>";
		};
		A220CF04203886F47A11B2C8 /* Pods */ = {
			isa = PBXGroup;
			children = (
				522062A06BC78E80B1E4A3C9 /* Pods-Showcase-iOS.release.xcconfig */,
				955A8584B6EB37219340E49C /* Pods-Showcase-iOSTests.debug.xcconfig */,
				459C8BC1AC39C3E51A8A77B1 /* Pods-Showcase-iOSTests.release.xcconfig */,
				6D6050B0886C0B0AA0559001 /* Pods-Showcase-iOS.debug.xcconfig */,
			);
			name = Pods;
			sourceTree = "<group>";
		};
		A30146FC20AD5FE800E8DE4E /* UIVIewUtilities */ = {
			isa = PBXGroup;
			children = (
				A30146FD20AD600E00E8DE4E /* UIView+Utilities.swift */,
				BC5F20D220B82AA9000EABE6 /* SpinnerView.swift */,
				BC5F20D720BBE8FD000EABE6 /* LoadingView.swift */,
				BC5F20D920BBE954000EABE6 /* LoadingView.xib */,
			);
			path = UIVIewUtilities;
			sourceTree = "<group>";
		};
		A307F68320B2E5D20083E119 /* DetailView */ = {
			isa = PBXGroup;
			children = (
				A374CC4120B487B8001BCD18 /* ScreenshotView */,
				A374CC4020B48798001BCD18 /* TechnologyView */,
				A374CC3D20B48769001BCD18 /* FunctionalityView */,
				A388971C20B42FB70091224A /* MainDetailSubView */,
			);
			path = DetailView;
			sourceTree = "<group>";
		};
		A3399789208E0514004776AB /* Contact Us */ = {
			isa = PBXGroup;
			children = (
				BC56761120B41D0A005CC3C3 /* Constants */,
				A389D65E20A4447C008DB6FE /* ViewHelpers */,
				A3E7196F209B19060081D5C1 /* View */,
				A3E7196C209B071B0081D5C1 /* ViewModel */,
				A3BA5EC7208F544D00E0D34F /* Presenter */,
				A3BA5EC4208F4FF200E0D34F /* Interactor */,
				A339978A208E051F004776AB /* Model */,
			);
			path = "Contact Us";
			sourceTree = "<group>";
		};
		A339978A208E051F004776AB /* Model */ = {
			isa = PBXGroup;
			children = (
				A339977E208D12D8004776AB /* Office.swift */,
			);
			path = Model;
			sourceTree = "<group>";
		};
		A33D79AA2088795C00D272E7 /* Firebase */ = {
			isa = PBXGroup;
			children = (
				A389D66A20A5989B008DB6FE /* ImageFetcher */,
				A389D66120A5943F008DB6FE /* Storage */,
				A33D79AB208879A800D272E7 /* Service */,
			);
			path = Firebase;
			sourceTree = "<group>";
		};
		A33D79AB208879A800D272E7 /* Service */ = {
			isa = PBXGroup;
			children = (
				A36A55552099E4990037C4BF /* DataReferenceable.swift */,
				FD6FAA9A208E1C1700D108C5 /* DataReferenceableImplementation.swift */,
				A33D79B220887BAA00D272E7 /* DatabaseReference+Extension.swift */,
				BC5675EC20B2B64B005CC3C3 /* DataSnapshotProtocol.swift */,
			);
			path = Service;
			sourceTree = "<group>";
		};
		A34475472089EFFF001734CA /* FirebaseDataBase */ = {
			isa = PBXGroup;
			children = (
				A34475432088B318001734CA /* DatabaseReferenceTests.swift */,
			);
			path = FirebaseDataBase;
			sourceTree = "<group>";
		};
		A36AE4872091B32A008ABB67 /* Contact Us */ = {
			isa = PBXGroup;
			children = (
				A3FB58C320A989CB0093506E /* ContactUsViewHelpers */,
				A3E7197B209C53350081D5C1 /* Presenter */,
				A3E7197A209C532A0081D5C1 /* Interactor */,
				A3E71977209B49A50081D5C1 /* OfficeViewModelTests */,
			);
			path = "Contact Us";
			sourceTree = "<group>";
		};
		A374CC3D20B48769001BCD18 /* FunctionalityView */ = {
			isa = PBXGroup;
			children = (
				A374CC3B20B48553001BCD18 /* FunctionalityView.swift */,
				FDA1875820B6EB8300F849D0 /* FunctionalityView.xib */,
			);
			path = FunctionalityView;
			sourceTree = "<group>";
		};
		A374CC4020B48798001BCD18 /* TechnologyView */ = {
			isa = PBXGroup;
			children = (
				A374CC3E20B4878E001BCD18 /* TechnologyView.swift */,
				FDA1875A20B6EC6300F849D0 /* TechnologyView.xib */,
			);
			path = TechnologyView;
			sourceTree = "<group>";
		};
		A374CC4120B487B8001BCD18 /* ScreenshotView */ = {
			isa = PBXGroup;
			children = (
				A3DEBB4F20B3FABD0020EA44 /* ScreenshotCollectionViewCell.xib */,
				FDA1875C20B6FD0600F849D0 /* ScreenshotCollectionViewCell.swift */,
			);
			path = ScreenshotView;
			sourceTree = "<group>";
		};
		A37BD16420AE9DCE009C23A0 /* Fonts */ = {
			isa = PBXGroup;
			children = (
				A3AC3FC820AC5D3B00D4B07A /* Poppins-SemiBold.otf */,
				A3AC3FC720AC5D3B00D4B07A /* Poppins-Regular.otf */,
				A3B502FA20A2FD3700FA8546 /* Poppins-Medium.otf */,
			);
			path = Fonts;
			sourceTree = "<group>";
		};
		A388971C20B42FB70091224A /* MainDetailSubView */ = {
			isa = PBXGroup;
			children = (
				A307F68820B2EE7A0083E119 /* MainDetailView.xib */,
				A388971D20B42FDA0091224A /* MainDetailView.swift */,
			);
			path = MainDetailSubView;
			sourceTree = "<group>";
		};
		A389D65E20A4447C008DB6FE /* ViewHelpers */ = {
			isa = PBXGroup;
			children = (
				A389D65F20A444B3008DB6FE /* ContactUsDelegate.swift */,
				A3FB58C020A989260093506E /* SharedApplicationDelegate.swift */,
				A3FB58C820A9C4F60093506E /* SharedApplicationDelegateImplementation.swift */,
				A37BD16520AE9E15009C23A0 /* ContactUsNavigatorDelegate.swift */,
				A37BD16720AE9E98009C23A0 /* ContactUsNavigatorImplementation.swift */,
			);
			path = ViewHelpers;
			sourceTree = "<group>";
		};
		A389D66120A5943F008DB6FE /* Storage */ = {
			isa = PBXGroup;
			children = (
				A389D66220A59471008DB6FE /* FirebaseStorageExtension.swift */,
				A389D66420A594EB008DB6FE /* FIRStoring.swift */,
				A389D66620A59556008DB6FE /* StorageReferenceable.swift */,
				A389D66820A595F7008DB6FE /* StorageReferenceExtension.swift */,
			);
			path = Storage;
			sourceTree = "<group>";
		};
		A389D66A20A5989B008DB6FE /* ImageFetcher */ = {
			isa = PBXGroup;
			children = (
				A389D66B20A598B9008DB6FE /* FIRImageFetcher.swift */,
			);
			path = ImageFetcher;
			sourceTree = "<group>";
		};
		A389D66D20A59EDF008DB6FE /* FIRStorageTests */ = {
			isa = PBXGroup;
			children = (
				A389D67420A5BD5F008DB6FE /* FirebaseImageFetcherTests.swift */,
			);
			path = FIRStorageTests;
			sourceTree = "<group>";
		};
		A3AC3FBF20AC55CC00D4B07A /* ShowcaseError */ = {
			isa = PBXGroup;
			children = (
				A3AC3FC020AC561000D4B07A /* View */,
			);
			path = ShowcaseError;
			sourceTree = "<group>";
		};
		A3AC3FC020AC561000D4B07A /* View */ = {
			isa = PBXGroup;
			children = (
				A3AC3FC320AC565100D4B07A /* ErrorView.swift */,
				A3AC3FC520AC566100D4B07A /* ErrorView.xib */,
			);
			path = View;
			sourceTree = "<group>";
		};
		A3BA5EC4208F4FF200E0D34F /* Interactor */ = {
			isa = PBXGroup;
			children = (
				A3BA5EC5208F50FA00E0D34F /* ContactUsInteractable.swift */,
				A3BA5ECA208F631100E0D34F /* ContactUsInteractableImplementation.swift */,
			);
			path = Interactor;
			sourceTree = "<group>";
		};
		A3BA5EC7208F544D00E0D34F /* Presenter */ = {
			isa = PBXGroup;
			children = (
				A3E7196A209B06F30081D5C1 /* ContactUsPresenter.swift */,
				A3BA5EC8208F54BB00E0D34F /* ContactUsPresentable.swift */,
			);
			path = Presenter;
			sourceTree = "<group>";
		};
		A3E7196C209B071B0081D5C1 /* ViewModel */ = {
			isa = PBXGroup;
			children = (
				A3E7196D209B072A0081D5C1 /* OfficeViewModel.swift */,
				A389D65C20A4444A008DB6FE /* ContactUsCellViewModel.swift */,
			);
			path = ViewModel;
			sourceTree = "<group>";
		};
		A3E7196F209B19060081D5C1 /* View */ = {
			isa = PBXGroup;
			children = (
				A3E71970209B1A200081D5C1 /* ContactUsPresenterViewable.swift */,
				A3AC3FBD20AC2DCB00D4B07A /* ContactUsViewController.swift */,
				A3B502FC20A31CAE00FA8546 /* ContactUsCollectionViewCell.swift */,
				A3B502FD20A31CAE00FA8546 /* ContactUsCollectionViewCell.xib */,
			);
			path = View;
			sourceTree = "<group>";
		};
		A3E71977209B49A50081D5C1 /* OfficeViewModelTests */ = {
			isa = PBXGroup;
			children = (
				A3E71978209B49CF0081D5C1 /* OfficeViewModelTests.swift */,
			);
			path = OfficeViewModelTests;
			sourceTree = "<group>";
		};
		A3E7197A209C532A0081D5C1 /* Interactor */ = {
			isa = PBXGroup;
			children = (
				A30087C1209718F70095FAC1 /* ContactUsInteractableTests.swift */,
			);
			path = Interactor;
			sourceTree = "<group>";
		};
		A3E7197B209C53350081D5C1 /* Presenter */ = {
			isa = PBXGroup;
			children = (
				A3E7197E209C55370081D5C1 /* ContactUsPresenterTests.swift */,
			);
			path = Presenter;
			sourceTree = "<group>";
		};
		A3FB58C320A989CB0093506E /* ContactUsViewHelpers */ = {
			isa = PBXGroup;
			children = (
				A3FB58C420A98A030093506E /* ContactUsCellViewModelTests.swift */,
			);
			path = ContactUsViewHelpers;
			sourceTree = "<group>";
		};
		BC02346E20A050DC006E6E92 /* AppStoryBoards */ = {
			isa = PBXGroup;
			children = (
				BC02346F20A0510A006E6E92 /* AppStoryboard+Enum.swift */,
			);
			path = AppStoryBoards;
			sourceTree = "<group>";
		};
		BC02347120A0519F006E6E92 /* Extensions */ = {
			isa = PBXGroup;
			children = (
				BC02347220A051B2006E6E92 /* UIViewController+Extensions.swift */,
				A3AC3FCB20AC673C00D4B07A /* UIColor+Extension.swift */,
			);
			path = Extensions;
			sourceTree = "<group>";
		};
		BC40834B20AA07D500A2D49C /* About */ = {
			isa = PBXGroup;
			children = (
				BC40834C20AA07F400A2D49C /* AboutViewController.swift */,
				BC5675EE20B2C869005CC3C3 /* SocialMediaEndPoint.swift */,
			);
			path = About;
			sourceTree = "<group>";
		};
		BC425EBB20A45CDA00CBBE56 /* Custom Views */ = {
			isa = PBXGroup;
			children = (
				BC56761720B45A81005CC3C3 /* LoginTextField.swift */,
				BC425EBC20A45D0E00CBBE56 /* CurvedButton.swift */,
			);
			path = "Custom Views";
			sourceTree = "<group>";
		};
		BC4D82C1208F4C87003EFB06 /* Presenter */ = {
			isa = PBXGroup;
			children = (
				BC4D82C4208F4CB8003EFB06 /* LoginPresenterTests.swift */,
			);
			path = Presenter;
			sourceTree = "<group>";
		};
		BC4D82C8208F599E003EFB06 /* Helpers */ = {
			isa = PBXGroup;
			children = (
				A30146FC20AD5FE800E8DE4E /* UIVIewUtilities */,
				BC02347120A0519F006E6E92 /* Extensions */,
				BC02346E20A050DC006E6E92 /* AppStoryBoards */,
				BC6D073B2091C87F00FFE9DD /* Errors */,
				BC4D82D4208F70D3003EFB06 /* Validators */,
			);
			path = Helpers;
			sourceTree = "<group>";
		};
		BC4D82CB208F601B003EFB06 /* View */ = {
			isa = PBXGroup;
			children = (
				BC5F20CB20B7FFD4000EABE6 /* Extensions */,
				BC425EBB20A45CDA00CBBE56 /* Custom Views */,
				A3DBE449209F891600561CE0 /* LoginPresenterViewable.swift */,
				BC02346C20A049BF006E6E92 /* LoginViewController.swift */,
				BCEDE51020AEEFE3005E1F4D /* LoginNavigationController.swift */,
			);
			path = View;
			sourceTree = "<group>";
		};
		BC4D82D4208F70D3003EFB06 /* Validators */ = {
			isa = PBXGroup;
			children = (
				BC4D82C9208F59B1003EFB06 /* EmailValidator.swift */,
				BC4D82CE208F6F49003EFB06 /* PasswordValidator.swift */,
			);
			path = Validators;
			sourceTree = "<group>";
		};
		BC56761120B41D0A005CC3C3 /* Constants */ = {
			isa = PBXGroup;
			children = (
				BC56761220B41D36005CC3C3 /* Constants.swift */,
			);
			path = Constants;
			sourceTree = "<group>";
		};
		BC5F20CB20B7FFD4000EABE6 /* Extensions */ = {
			isa = PBXGroup;
			children = (
				BC5F20CD20B7FFEE000EABE6 /* KeyBoardDelegate.swift */,
				BC5F20CC20B7FFEE000EABE6 /* KeyboardObservable.swift */,
				BC5F20CE20B7FFEE000EABE6 /* NotificationCenterDelegate.swift */,
			);
			path = Extensions;
			sourceTree = "<group>";
		};
		BC6D073B2091C87F00FFE9DD /* Errors */ = {
			isa = PBXGroup;
			children = (
				BC6D07352090683F00FFE9DD /* AuthenticationError.swift */,
				BC6D073C2091C8AA00FFE9DD /* AuthErrorCode+Extension.swift */,
				BC6D07402092481100FFE9DD /* ErrorMessage.swift */,
			);
			path = Errors;
			sourceTree = "<group>";
		};
		BC9253E8208DCEA4003EACBE /* Interactor */ = {
			isa = PBXGroup;
			children = (
				BC8406F0208DE32E00B15318 /* LoginInteractorTests.swift */,
			);
			path = Interactor;
			sourceTree = "<group>";
		};
		BCE5DA822087A93B000458FD /* Login */ = {
			isa = PBXGroup;
			children = (
				BC4D82CB208F601B003EFB06 /* View */,
				BCE5DADA208A25BA000458FD /* Presenter */,
				BCE5DACF208A1AEB000458FD /* Interactor */,
				BCE5DA832087A94B000458FD /* Service */,
			);
			path = Login;
			sourceTree = "<group>";
		};
		BCE5DA832087A94B000458FD /* Service */ = {
			isa = PBXGroup;
			children = (
				BCE5DAD6208A23D5000458FD /* LoginAuthenticating.swift */,
				BCE5DA862087A981000458FD /* UserAuthentication.swift */,
				BCE5DAC02089D90A000458FD /* Auth+FirebaseAuthenticating.swift */,
				BCE5DAC22089D962000458FD /* FirebaseLoginAuthenticating.swift */,
				BC34F482209B28B8005CA9C4 /* FirUserProtocol.swift */,
				BCEDE50920AC5D1A005E1F4D /* AuthDataResultProtocol.swift */,
			);
			path = Service;
			sourceTree = "<group>";
		};
		BCE5DA8A2087AB31000458FD /* Login */ = {
			isa = PBXGroup;
			children = (
				BC4D82C1208F4C87003EFB06 /* Presenter */,
				BC9253E8208DCEA4003EACBE /* Interactor */,
				BCE5DA8B2087AB3A000458FD /* Service */,
			);
			path = Login;
			sourceTree = "<group>";
		};
		BCE5DA8B2087AB3A000458FD /* Service */ = {
			isa = PBXGroup;
			children = (
				BCE5DA8C2087AB69000458FD /* UserAuthenticationTests.swift */,
				BCE5DACD208A0908000458FD /* User.swift */,
			);
			path = Service;
			sourceTree = "<group>";
		};
		BCE5DACF208A1AEB000458FD /* Interactor */ = {
			isa = PBXGroup;
			children = (
				A3E71967209AFEF80081D5C1 /* LoginPresenterInteractable.swift */,
				BCE5DAD2208A1B9B000458FD /* LoginInteractor.swift */,
			);
			path = Interactor;
			sourceTree = "<group>";
		};
		BCE5DADA208A25BA000458FD /* Presenter */ = {
			isa = PBXGroup;
			children = (
				BC4D82B7208F3422003EFB06 /* LoginPresenter.swift */,
				BC4D82BF208F49CD003EFB06 /* LoginPresentable.swift */,
				BCE5DADB208A2756000458FD /* LoginInteractorPresentable.swift */,
				BC56761920B54E4E005CC3C3 /* UserDefaultsProtocol.swift */,
			);
			path = Presenter;
			sourceTree = "<group>";
		};
		BCEDE4FF20AC469B005E1F4D /* Router */ = {
			isa = PBXGroup;
			children = (
				FD39F1B120B6A56A00C69D2D /* Wireframe.swift */,
				BCEDE50020AC46AE005E1F4D /* Routable.swift */,
				FDA1875E20B836C300F849D0 /* WireframeDelegate.swift */,
			);
			path = Router;
			sourceTree = "<group>";
		};
		BCEDE50620AC481A005E1F4D /* DependencyContainer */ = {
			isa = PBXGroup;
			children = (
				BCEDE50720AC4836005E1F4D /* DependencyContainer.swift */,
			);
			path = DependencyContainer;
			sourceTree = "<group>";
		};
		F8B264866339C04A655A574F /* Frameworks */ = {
			isa = PBXGroup;
			children = (
				4B4C7B03B35181B9EAC7E9BE /* Pods_Showcase_iOS.framework */,
				50F34FA43F1070C363C19DD6 /* Pods_Showcase_iOSTests.framework */,
			);
			name = Frameworks;
			sourceTree = "<group>";
		};
		FD0880512090923C00B814FE /* Recovered References */ = {
			isa = PBXGroup;
			children = (
				BCE5DAC42089DA2A000458FD /* GeneratedShowcaseMocks.swift */,
				6459A849754B0955D19FACF6 /* Pods_Showcase_iOS.framework */,
				8575F69F2508AC86277FA687 /* Pods_Showcase_iOSTests.framework */,
			);
			name = "Recovered References";
			sourceTree = "<group>";
		};
		FD37E2812099DA20006EA459 /* Dashboard */ = {
			isa = PBXGroup;
			children = (
				A307F68320B2E5D20083E119 /* DetailView */,
				FD98CA8B20A9BAA200FDF031 /* Cell */,
				FDE1AE7C209B2D3400D383C4 /* ViewModel */,
				FDE1AE79209B268700D383C4 /* View */,
				FD37E2842099DA40006EA459 /* Model */,
				FD37E2832099DA32006EA459 /* Interactor */,
				FD37E2822099DA2C006EA459 /* Presenter */,
			);
			path = Dashboard;
			sourceTree = "<group>";
		};
		FD37E2822099DA2C006EA459 /* Presenter */ = {
			isa = PBXGroup;
			children = (
				FD37E28B2099DAE5006EA459 /* HomePresentable.swift */,
				FDE1AE77209B244C00D383C4 /* HomePresenter.swift */,
			);
			path = Presenter;
			sourceTree = "<group>";
		};
		FD37E2832099DA32006EA459 /* Interactor */ = {
			isa = PBXGroup;
			children = (
				FD37E2872099DA69006EA459 /* HomePresenterInteractable.swift */,
				FD37E2892099DAA3006EA459 /* HomePresenterInteractorImplementation.swift */,
			);
			path = Interactor;
			sourceTree = "<group>";
		};
		FD37E2842099DA40006EA459 /* Model */ = {
			isa = PBXGroup;
			children = (
				FD37E2852099DA52006EA459 /* ShowcaseApp.swift */,
			);
			path = Model;
			sourceTree = "<group>";
		};
		FD37E28D2099EC5F006EA459 /* Dashboard */ = {
			isa = PBXGroup;
			children = (
				FDE1AE85209C983E00D383C4 /* ViewModel */,
				FDE1AE80209B507C00D383C4 /* Presenter */,
				FDE1AE7F209B506E00D383C4 /* Interactor */,
			);
			path = Dashboard;
			sourceTree = "<group>";
		};
		FD71315D208DD3AD0090E2E7 /* Enum */ = {
			isa = PBXGroup;
			children = (
				FD71315E208DD3EA0090E2E7 /* Path.swift */,
				FD5BA71B208DFD0A0002A1A9 /* FirebaseError.swift */,
			);
			path = Enum;
			sourceTree = "<group>";
		};
		FD84DA9020BBF82A00ABE936 /* Wireframe */ = {
			isa = PBXGroup;
			children = (
				FD84DA9120BBF86400ABE936 /* WireframeTests.swift */,
			);
			path = Wireframe;
			sourceTree = "<group>";
		};
		FD98CA8B20A9BAA200FDF031 /* Cell */ = {
			isa = PBXGroup;
			children = (
				FD4E0EC720AACD6F00B97FF7 /* ShowcaseAppCollectionViewCell.xib */,
				FD98CA8C20A9BAEF00FDF031 /* ShowcaseAppCollectionViewCell.swift */,
			);
			path = Cell;
			sourceTree = "<group>";
		};
		FDE1AE79209B268700D383C4 /* View */ = {
			isa = PBXGroup;
			children = (
				FDE1AE7A209B26A300D383C4 /* HomePresenterViewable.swift */,
				FD98CA7C20A99F2800FDF031 /* HomeViewController.swift */,
				FD98CA7E20A99F4D00FDF031 /* TabBarViewController.swift */,
				FD39F1AF20B6A03600C69D2D /* ShowcaseAppDetailViewController.swift */,
			);
			path = View;
			sourceTree = "<group>";
		};
		FDE1AE7C209B2D3400D383C4 /* ViewModel */ = {
			isa = PBXGroup;
			children = (
				FDE1AE7D209B2D5A00D383C4 /* ShowcaseAppViewModel.swift */,
			);
			path = ViewModel;
			sourceTree = "<group>";
		};
		FDE1AE7F209B506E00D383C4 /* Interactor */ = {
			isa = PBXGroup;
			children = (
				FD37E28E2099EC94006EA459 /* HomeInteractableTests.swift */,
			);
			path = Interactor;
			sourceTree = "<group>";
		};
		FDE1AE80209B507C00D383C4 /* Presenter */ = {
			isa = PBXGroup;
			children = (
				FDE1AE81209B50A300D383C4 /* HomePresentableTests.swift */,
			);
			path = Presenter;
			sourceTree = "<group>";
		};
		FDE1AE85209C983E00D383C4 /* ViewModel */ = {
			isa = PBXGroup;
			children = (
				FDE1AE86209C987D00D383C4 /* ShowcaseAppViewModelTests.swift */,
			);
			path = ViewModel;
			sourceTree = "<group>";
		};
/* End PBXGroup section */

/* Begin PBXNativeTarget section */
		99FB7FE32085F25100B300BA /* Showcase-iOS */ = {
			isa = PBXNativeTarget;
			buildConfigurationList = 99FB80012085F25300B300BA /* Build configuration list for PBXNativeTarget "Showcase-iOS" */;
			buildPhases = (
				6C64BE071CA45E0CB5773509 /* [CP] Check Pods Manifest.lock */,
				99FB7FE02085F25100B300BA /* Sources */,
				99FB7FE12085F25100B300BA /* Frameworks */,
				99FB7FE22085F25100B300BA /* Resources */,
				061B3ECDAC2CCF48BA99C4D9 /* [CP] Embed Pods Frameworks */,
			);
			buildRules = (
			);
			dependencies = (
			);
			name = "Showcase-iOS";
			productName = "Showcase-iOS";
			productReference = 99FB7FE42085F25100B300BA /* Showcase-iOS.app */;
			productType = "com.apple.product-type.application";
		};
		99FB7FF72085F25300B300BA /* Showcase-iOSTests */ = {
			isa = PBXNativeTarget;
			buildConfigurationList = 99FB80042085F25300B300BA /* Build configuration list for PBXNativeTarget "Showcase-iOSTests" */;
			buildPhases = (
				A9569BE43A8392DD64389346 /* [CP] Check Pods Manifest.lock */,
				99FB80092086078700B300BA /* ShellScript */,
				99FB7FF42085F25300B300BA /* Sources */,
				99FB7FF52085F25300B300BA /* Frameworks */,
				99FB7FF62085F25300B300BA /* Resources */,
				4A98A59792CF61E5CCF79AE6 /* [CP] Embed Pods Frameworks */,
			);
			buildRules = (
			);
			dependencies = (
				99FB7FFA2085F25300B300BA /* PBXTargetDependency */,
			);
			name = "Showcase-iOSTests";
			productName = "Showcase-iOSTests";
			productReference = 99FB7FF82085F25300B300BA /* Showcase-iOSTests.xctest */;
			productType = "com.apple.product-type.bundle.unit-test";
		};
/* End PBXNativeTarget section */

/* Begin PBXProject section */
		99FB7FDC2085F25100B300BA /* Project object */ = {
			isa = PBXProject;
			attributes = {
				LastSwiftUpdateCheck = 0930;
				LastUpgradeCheck = 0930;
				ORGANIZATIONNAME = DVT;
				TargetAttributes = {
					99FB7FE32085F25100B300BA = {
						CreatedOnToolsVersion = 9.3;
					};
					99FB7FF72085F25300B300BA = {
						CreatedOnToolsVersion = 9.3;
						TestTargetID = 99FB7FE32085F25100B300BA;
					};
				};
			};
			buildConfigurationList = 99FB7FDF2085F25100B300BA /* Build configuration list for PBXProject "Showcase-iOS" */;
			compatibilityVersion = "Xcode 9.3";
			developmentRegion = en;
			hasScannedForEncodings = 0;
			knownRegions = (
				en,
				Base,
			);
			mainGroup = 99FB7FDB2085F25100B300BA;
			productRefGroup = 99FB7FE52085F25100B300BA /* Products */;
			projectDirPath = "";
			projectRoot = "";
			targets = (
				99FB7FE32085F25100B300BA /* Showcase-iOS */,
				99FB7FF72085F25300B300BA /* Showcase-iOSTests */,
			);
		};
/* End PBXProject section */

/* Begin PBXResourcesBuildPhase section */
		99FB7FE22085F25100B300BA /* Resources */ = {
			isa = PBXResourcesBuildPhase;
			buildActionMask = 2147483647;
			files = (
				A307F68920B2EE7A0083E119 /* MainDetailView.xib in Resources */,
				FD4E0EC820AACD6F00B97FF7 /* ShowcaseAppCollectionViewCell.xib in Resources */,
				99FB7FF22085F25200B300BA /* LaunchScreen.storyboard in Resources */,
				BC02346920A0472A006E6E92 /* About.storyboard in Resources */,
				99FB80082085FAC300B300BA /* GoogleService-Info.plist in Resources */,
				A3DEBB5020B3FABD0020EA44 /* ScreenshotCollectionViewCell.xib in Resources */,
				A3B502FB20A2FD3700FA8546 /* Poppins-Medium.otf in Resources */,
				FDA1875B20B6EC6300F849D0 /* TechnologyView.xib in Resources */,
				99FB7FEF2085F25200B300BA /* Assets.xcassets in Resources */,
				A3B502FF20A31CAE00FA8546 /* ContactUsCollectionViewCell.xib in Resources */,
				A3AC3FC920AC5D3B00D4B07A /* Poppins-Regular.otf in Resources */,
				BC02346720A04661006E6E92 /* Home.storyboard in Resources */,
				BC5F20DA20BBE954000EABE6 /* LoadingView.xib in Resources */,
				BC02346B20A0474D006E6E92 /* Contact.storyboard in Resources */,
				A3AC3FCA20AC5D3B00D4B07A /* Poppins-SemiBold.otf in Resources */,
				A3AC3FC620AC566100D4B07A /* ErrorView.xib in Resources */,
				BC02346520A045DE006E6E92 /* Login.storyboard in Resources */,
				99FB7FED2085F25100B300BA /* Main.storyboard in Resources */,
				FDA1875920B6EB8300F849D0 /* FunctionalityView.xib in Resources */,
			);
			runOnlyForDeploymentPostprocessing = 0;
		};
		99FB7FF62085F25300B300BA /* Resources */ = {
			isa = PBXResourcesBuildPhase;
			buildActionMask = 2147483647;
			files = (
			);
			runOnlyForDeploymentPostprocessing = 0;
		};
/* End PBXResourcesBuildPhase section */

/* Begin PBXShellScriptBuildPhase section */
		061B3ECDAC2CCF48BA99C4D9 /* [CP] Embed Pods Frameworks */ = {
			isa = PBXShellScriptBuildPhase;
			buildActionMask = 2147483647;
			files = (
			);
			inputPaths = (
				"${SRCROOT}/Pods/Target Support Files/Pods-Showcase-iOS/Pods-Showcase-iOS-frameworks.sh",
				"${BUILT_PRODUCTS_DIR}/GTMSessionFetcher/GTMSessionFetcher.framework",
				"${BUILT_PRODUCTS_DIR}/GoogleToolboxForMac/GoogleToolboxForMac.framework",
				"${BUILT_PRODUCTS_DIR}/Kingfisher/Kingfisher.framework",
				"${BUILT_PRODUCTS_DIR}/RxCocoa/RxCocoa.framework",
				"${BUILT_PRODUCTS_DIR}/RxSwift/RxSwift.framework",
				"${BUILT_PRODUCTS_DIR}/Swinject/Swinject.framework",
				"${BUILT_PRODUCTS_DIR}/leveldb-library/leveldb.framework",
				"${BUILT_PRODUCTS_DIR}/nanopb/nanopb.framework",
			);
			name = "[CP] Embed Pods Frameworks";
			outputPaths = (
				"${TARGET_BUILD_DIR}/${FRAMEWORKS_FOLDER_PATH}/GTMSessionFetcher.framework",
				"${TARGET_BUILD_DIR}/${FRAMEWORKS_FOLDER_PATH}/GoogleToolboxForMac.framework",
				"${TARGET_BUILD_DIR}/${FRAMEWORKS_FOLDER_PATH}/Kingfisher.framework",
				"${TARGET_BUILD_DIR}/${FRAMEWORKS_FOLDER_PATH}/RxCocoa.framework",
				"${TARGET_BUILD_DIR}/${FRAMEWORKS_FOLDER_PATH}/RxSwift.framework",
				"${TARGET_BUILD_DIR}/${FRAMEWORKS_FOLDER_PATH}/Swinject.framework",
				"${TARGET_BUILD_DIR}/${FRAMEWORKS_FOLDER_PATH}/leveldb.framework",
				"${TARGET_BUILD_DIR}/${FRAMEWORKS_FOLDER_PATH}/nanopb.framework",
			);
			runOnlyForDeploymentPostprocessing = 0;
			shellPath = /bin/sh;
			shellScript = "\"${SRCROOT}/Pods/Target Support Files/Pods-Showcase-iOS/Pods-Showcase-iOS-frameworks.sh\"\n";
			showEnvVarsInLog = 0;
		};
		4A98A59792CF61E5CCF79AE6 /* [CP] Embed Pods Frameworks */ = {
			isa = PBXShellScriptBuildPhase;
			buildActionMask = 2147483647;
			files = (
			);
			inputPaths = (
				"${SRCROOT}/Pods/Target Support Files/Pods-Showcase-iOSTests/Pods-Showcase-iOSTests-frameworks.sh",
				"${BUILT_PRODUCTS_DIR}/RxSwift/RxSwift.framework",
				"${BUILT_PRODUCTS_DIR}/Cuckoo/Cuckoo.framework",
				"${BUILT_PRODUCTS_DIR}/RxBlocking/RxBlocking.framework",
				"${BUILT_PRODUCTS_DIR}/RxTest/RxTest.framework",
			);
			name = "[CP] Embed Pods Frameworks";
			outputPaths = (
				"${TARGET_BUILD_DIR}/${FRAMEWORKS_FOLDER_PATH}/RxSwift.framework",
				"${TARGET_BUILD_DIR}/${FRAMEWORKS_FOLDER_PATH}/Cuckoo.framework",
				"${TARGET_BUILD_DIR}/${FRAMEWORKS_FOLDER_PATH}/RxBlocking.framework",
				"${TARGET_BUILD_DIR}/${FRAMEWORKS_FOLDER_PATH}/RxTest.framework",
			);
			runOnlyForDeploymentPostprocessing = 0;
			shellPath = /bin/sh;
			shellScript = "\"${SRCROOT}/Pods/Target Support Files/Pods-Showcase-iOSTests/Pods-Showcase-iOSTests-frameworks.sh\"\n";
			showEnvVarsInLog = 0;
		};
		6C64BE071CA45E0CB5773509 /* [CP] Check Pods Manifest.lock */ = {
			isa = PBXShellScriptBuildPhase;
			buildActionMask = 2147483647;
			files = (
			);
			inputPaths = (
				"${PODS_PODFILE_DIR_PATH}/Podfile.lock",
				"${PODS_ROOT}/Manifest.lock",
			);
			name = "[CP] Check Pods Manifest.lock";
			outputPaths = (
				"$(DERIVED_FILE_DIR)/Pods-Showcase-iOS-checkManifestLockResult.txt",
			);
			runOnlyForDeploymentPostprocessing = 0;
			shellPath = /bin/sh;
			shellScript = "diff \"${PODS_PODFILE_DIR_PATH}/Podfile.lock\" \"${PODS_ROOT}/Manifest.lock\" > /dev/null\nif [ $? != 0 ] ; then\n    # print error to STDERR\n    echo \"error: The sandbox is not in sync with the Podfile.lock. Run 'pod install' or update your CocoaPods installation.\" >&2\n    exit 1\nfi\n# This output is used by Xcode 'outputs' to avoid re-running this script phase.\necho \"SUCCESS\" > \"${SCRIPT_OUTPUT_FILE_0}\"\n";
			showEnvVarsInLog = 0;
		};
		99FB80092086078700B300BA /* ShellScript */ = {
			isa = PBXShellScriptBuildPhase;
			buildActionMask = 2147483647;
			files = (
			);
			inputPaths = (
			);
			outputPaths = (
			);
			runOnlyForDeploymentPostprocessing = 0;
			shellPath = /bin/sh;
			shellScript = "#!/usr/bin/env bash\n# Define output file. Change \"$PROJECT_DIR/Tests\" to your test's root source folder, if it's not the default name.\nOUTPUT_FILE=\"$PROJECT_DIR/Showcase-iOSTests/GeneratedShowcaseMocks.swift\"\necho \"Generated Mocks File = $OUTPUT_FILE\"\n\n# Define input directory. Change \"$PROJECT_DIR\" to your project's root source folder, if it's not the default name.\nINPUT_DIR=\"$PROJECT_DIR\"\necho \"Mocks Input Directory = $INPUT_DIR\"\n\n# Generate mock files, include as many input files as you'd like to create mocks for.\n# Please add \"$INPUT_DIR/$(find . -name SWIFTFILENAME.swift) below to be mocked out\n${PODS_ROOT}/Cuckoo/run generate --testable \"$PROJECT_NAME\" \\\n--output \"${OUTPUT_FILE}\" \\\n\"$INPUT_DIR/$(find . -name Viewable.swift)\" \\\n\"$INPUT_DIR/$(find . -name FirebaseLoginAuthenticating.swift)\" \\\n\"$INPUT_DIR/$(find . -name DataReferenceable.swift)\" \\\n\"$INPUT_DIR/$(find . -name LoginInteractorPresentable.swift)\" \\\n\"$INPUT_DIR/$(find . -name LoginAuthenticating.swift)\" \\\n\"$INPUT_DIR/$(find . -name LoginPresenterViewable.swift)\" \\\n\"$INPUT_DIR/$(find . -name LoginPresenterInteractable.swift)\" \\\n\"$INPUT_DIR/$(find . -name ContactUsPresentable.swift)\" \\\n\"$INPUT_DIR/$(find . -name ContactUsInteractable.swift)\" \\\n\"$INPUT_DIR/$(find . -name ContactUsPresenterViewable.swift)\" \\\n\"$INPUT_DIR/$(find . -name HomePresenterInteractable.swift)\" \\\n\"$INPUT_DIR/$(find . -name HomePresentable.swift)\" \\\n\"$INPUT_DIR/$(find . -name HomePresenterViewable.swift)\" \\\n\"$INPUT_DIR/$(find . -name FIRStoring.swift)\" \\\n\"$INPUT_DIR/$(find . -name StorageReferenceable.swift)\" \\\n\"$INPUT_DIR/$(find . -name KeyBoardDelegate.swift)\" \\\n\"$INPUT_DIR/$(find . -name KeyboardObservable.swift)\" \\\n\"$INPUT_DIR/$(find . -name NotificationCenterDelegate.swift)\" \\\n\"$INPUT_DIR/$(find . -name ContactUsDelegate.swift)\" \\\n\"$INPUT_DIR/$(find . -name SharedApplicationDelegate.swift)\" \\\n\"$INPUT_DIR/$(find . -name AuthDataResultProtocol.swift)\" \\\n\"$INPUT_DIR/$(find . -name ContactUsNavigatorDelegate.swift)\" \\\n\"$INPUT_DIR/$(find . -name DataSnapshotProtocol.swift)\" \\\n\"$INPUT_DIR/$(find . -name UserDefaultsProtocol.swift)\" \\\n\"$INPUT_DIR/$(find . -name WireframeDelegate.swift)\"";
		};
		A9569BE43A8392DD64389346 /* [CP] Check Pods Manifest.lock */ = {
			isa = PBXShellScriptBuildPhase;
			buildActionMask = 2147483647;
			files = (
			);
			inputPaths = (
				"${PODS_PODFILE_DIR_PATH}/Podfile.lock",
				"${PODS_ROOT}/Manifest.lock",
			);
			name = "[CP] Check Pods Manifest.lock";
			outputPaths = (
				"$(DERIVED_FILE_DIR)/Pods-Showcase-iOSTests-checkManifestLockResult.txt",
			);
			runOnlyForDeploymentPostprocessing = 0;
			shellPath = /bin/sh;
			shellScript = "diff \"${PODS_PODFILE_DIR_PATH}/Podfile.lock\" \"${PODS_ROOT}/Manifest.lock\" > /dev/null\nif [ $? != 0 ] ; then\n    # print error to STDERR\n    echo \"error: The sandbox is not in sync with the Podfile.lock. Run 'pod install' or update your CocoaPods installation.\" >&2\n    exit 1\nfi\n# This output is used by Xcode 'outputs' to avoid re-running this script phase.\necho \"SUCCESS\" > \"${SCRIPT_OUTPUT_FILE_0}\"\n";
			showEnvVarsInLog = 0;
		};
/* End PBXShellScriptBuildPhase section */

/* Begin PBXSourcesBuildPhase section */
		99FB7FE02085F25100B300BA /* Sources */ = {
			isa = PBXSourcesBuildPhase;
			buildActionMask = 2147483647;
			files = (
				BC6D07412092481100FFE9DD /* ErrorMessage.swift in Sources */,
				FDA1875D20B6FD0600F849D0 /* ScreenshotCollectionViewCell.swift in Sources */,
				BC5F20D320B82AA9000EABE6 /* SpinnerView.swift in Sources */,
				A3BA5ECB208F631100E0D34F /* ContactUsInteractableImplementation.swift in Sources */,
				A389D66920A595F7008DB6FE /* StorageReferenceExtension.swift in Sources */,
				BC34F483209B28B8005CA9C4 /* FirUserProtocol.swift in Sources */,
				BCEDE51120AEEFE3005E1F4D /* LoginNavigationController.swift in Sources */,
				A3AC3FC420AC565100D4B07A /* ErrorView.swift in Sources */,
				A3E71968209AFEF80081D5C1 /* LoginPresenterInteractable.swift in Sources */,
				BCE5DAD7208A23D5000458FD /* LoginAuthenticating.swift in Sources */,
				A3B502FE20A31CAE00FA8546 /* ContactUsCollectionViewCell.swift in Sources */,
				BC5F20CF20B7FFEE000EABE6 /* KeyboardObservable.swift in Sources */,
				FD37E2862099DA52006EA459 /* ShowcaseApp.swift in Sources */,
				A3FB58C120A989260093506E /* SharedApplicationDelegate.swift in Sources */,
				BC56761320B41D36005CC3C3 /* Constants.swift in Sources */,
				FD37E28C2099DAE5006EA459 /* HomePresentable.swift in Sources */,
				A389D65D20A4444A008DB6FE /* ContactUsCellViewModel.swift in Sources */,
				A3E71966209AFEE10081D5C1 /* (null) in Sources */,
				BC5F20D820BBE8FD000EABE6 /* LoadingView.swift in Sources */,
				A3E7196E209B072A0081D5C1 /* OfficeViewModel.swift in Sources */,
				FD5BA71C208DFD0A0002A1A9 /* FirebaseError.swift in Sources */,
				BC6D073D2091C8AA00FFE9DD /* AuthErrorCode+Extension.swift in Sources */,
				BC5F20D020B7FFEE000EABE6 /* KeyBoardDelegate.swift in Sources */,
				FD98CA8E20A9BAEF00FDF031 /* ShowcaseAppCollectionViewCell.swift in Sources */,
				99FB800B20860C4500B300BA /* Viewable.swift in Sources */,
				A3DBE44A209F891600561CE0 /* LoginPresenterViewable.swift in Sources */,
				A37BD16820AE9E98009C23A0 /* ContactUsNavigatorImplementation.swift in Sources */,
				BC02346D20A049BF006E6E92 /* LoginViewController.swift in Sources */,
				A374CC3F20B4878E001BCD18 /* TechnologyView.swift in Sources */,
				FD37E2882099DA69006EA459 /* HomePresenterInteractable.swift in Sources */,
				BC5F20D120B7FFEE000EABE6 /* NotificationCenterDelegate.swift in Sources */,
				A3BA5EC9208F54BB00E0D34F /* ContactUsPresentable.swift in Sources */,
				BC4D82CA208F59B1003EFB06 /* EmailValidator.swift in Sources */,
				A389D66720A59556008DB6FE /* StorageReferenceable.swift in Sources */,
				A33D79B320887BAA00D272E7 /* DatabaseReference+Extension.swift in Sources */,
				A389D66C20A598B9008DB6FE /* FIRImageFetcher.swift in Sources */,
				99FB7FE82085F25100B300BA /* AppDelegate.swift in Sources */,
				A3AC3FCC20AC673C00D4B07A /* UIColor+Extension.swift in Sources */,
				FD39F1B220B6A56A00C69D2D /* Wireframe.swift in Sources */,
				FDE1AE7B209B26A300D383C4 /* HomePresenterViewable.swift in Sources */,
				A36A55562099E4990037C4BF /* DataReferenceable.swift in Sources */,
				A389D66520A594EB008DB6FE /* FIRStoring.swift in Sources */,
				FDE1AE7E209B2D5A00D383C4 /* ShowcaseAppViewModel.swift in Sources */,
				BC02347020A0510A006E6E92 /* AppStoryboard+Enum.swift in Sources */,
				BCEDE50120AC46AE005E1F4D /* Routable.swift in Sources */,
				BCE5DAD3208A1B9B000458FD /* LoginInteractor.swift in Sources */,
				A3E71971209B1A200081D5C1 /* ContactUsPresenterViewable.swift in Sources */,
				BCE5DADC208A2756000458FD /* LoginInteractorPresentable.swift in Sources */,
				BC4D82C0208F49CD003EFB06 /* LoginPresentable.swift in Sources */,
				FDE1AE78209B244C00D383C4 /* HomePresenter.swift in Sources */,
				BC02347320A051B2006E6E92 /* UIViewController+Extensions.swift in Sources */,
				BCEDE50820AC4836005E1F4D /* DependencyContainer.swift in Sources */,
				BC56761820B45A81005CC3C3 /* LoginTextField.swift in Sources */,
				BC4D82B8208F3422003EFB06 /* LoginPresenter.swift in Sources */,
				BC4D82CF208F6F49003EFB06 /* PasswordValidator.swift in Sources */,
				BCE5DA872087A981000458FD /* UserAuthentication.swift in Sources */,
				FD37E28A2099DAA3006EA459 /* HomePresenterInteractorImplementation.swift in Sources */,
				FD98CA7F20A99F4D00FDF031 /* TabBarViewController.swift in Sources */,
				A30146FE20AD600E00E8DE4E /* UIView+Utilities.swift in Sources */,
				A374CC3C20B48553001BCD18 /* FunctionalityView.swift in Sources */,
				A339977F208D12D8004776AB /* Office.swift in Sources */,
				A389D66020A444B3008DB6FE /* ContactUsDelegate.swift in Sources */,
				BCE5DAC12089D90A000458FD /* Auth+FirebaseAuthenticating.swift in Sources */,
				A37BD16620AE9E15009C23A0 /* ContactUsNavigatorDelegate.swift in Sources */,
				BC5675EF20B2C869005CC3C3 /* SocialMediaEndPoint.swift in Sources */,
				FD98CA7D20A99F2800FDF031 /* HomeViewController.swift in Sources */,
				A389D66320A59471008DB6FE /* FirebaseStorageExtension.swift in Sources */,
				FDA1875F20B836C300F849D0 /* WireframeDelegate.swift in Sources */,
				A3FB58C920A9C4F60093506E /* SharedApplicationDelegateImplementation.swift in Sources */,
				BCEDE50A20AC5D1A005E1F4D /* AuthDataResultProtocol.swift in Sources */,
				BC56761A20B54E4E005CC3C3 /* UserDefaultsProtocol.swift in Sources */,
				A3BA5EC6208F50FA00E0D34F /* ContactUsInteractable.swift in Sources */,
				BC5675ED20B2B64B005CC3C3 /* DataSnapshotProtocol.swift in Sources */,
				FD39F1B020B6A03600C69D2D /* ShowcaseAppDetailViewController.swift in Sources */,
				BC425EBD20A45D0E00CBBE56 /* CurvedButton.swift in Sources */,
				FD71315F208DD3EA0090E2E7 /* Path.swift in Sources */,
				A3AC3FBE20AC2DCB00D4B07A /* ContactUsViewController.swift in Sources */,
				BCE5DAC32089D962000458FD /* FirebaseLoginAuthenticating.swift in Sources */,
				BC40834D20AA07F400A2D49C /* AboutViewController.swift in Sources */,
				BC6D07362090683F00FFE9DD /* AuthenticationError.swift in Sources */,
				FD6FAA9B208E1C1700D108C5 /* DataReferenceableImplementation.swift in Sources */,
				A3E7196B209B06F40081D5C1 /* ContactUsPresenter.swift in Sources */,
				A388971E20B42FDA0091224A /* MainDetailView.swift in Sources */,
			);
			runOnlyForDeploymentPostprocessing = 0;
		};
		99FB7FF42085F25300B300BA /* Sources */ = {
			isa = PBXSourcesBuildPhase;
			buildActionMask = 2147483647;
			files = (
				A3E71979209B49CF0081D5C1 /* OfficeViewModelTests.swift in Sources */,
				BC8406F1208DE32E00B15318 /* LoginInteractorTests.swift in Sources */,
				BC4D82C7208F598C003EFB06 /* EmailValidatorTests.swift in Sources */,
				FDE1AE87209C987D00D383C4 /* ShowcaseAppViewModelTests.swift in Sources */,
				BCE5DA8D2087AB69000458FD /* UserAuthenticationTests.swift in Sources */,
				BC6D073F209246D400FFE9DD /* AuthErrorCodeTests.swift in Sources */,
				FD37E28F2099EC94006EA459 /* HomeInteractableTests.swift in Sources */,
				BC4D82D3208F6FB6003EFB06 /* PasswordValidatorTests.swift in Sources */,
				FDE1AE82209B50A300D383C4 /* HomePresentableTests.swift in Sources */,
				A3DBE44C209F8BC300561CE0 /* GeneratedShowcaseMocks.swift in Sources */,
				FD84DA9220BBF86400ABE936 /* WireframeTests.swift in Sources */,
				A34475442088B318001734CA /* DatabaseReferenceTests.swift in Sources */,
				A3FB58C520A98A030093506E /* ContactUsCellViewModelTests.swift in Sources */,
				A3E7197F209C55370081D5C1 /* ContactUsPresenterTests.swift in Sources */,
				A30087C2209718F70095FAC1 /* ContactUsInteractableTests.swift in Sources */,
				BC4D82C5208F4CB8003EFB06 /* LoginPresenterTests.swift in Sources */,
				A389D67520A5BD5F008DB6FE /* FirebaseImageFetcherTests.swift in Sources */,
				BCE5DACE208A0908000458FD /* User.swift in Sources */,
			);
			runOnlyForDeploymentPostprocessing = 0;
		};
/* End PBXSourcesBuildPhase section */

/* Begin PBXTargetDependency section */
		99FB7FFA2085F25300B300BA /* PBXTargetDependency */ = {
			isa = PBXTargetDependency;
			target = 99FB7FE32085F25100B300BA /* Showcase-iOS */;
			targetProxy = 99FB7FF92085F25300B300BA /* PBXContainerItemProxy */;
		};
/* End PBXTargetDependency section */

/* Begin PBXVariantGroup section */
		99FB7FEB2085F25100B300BA /* Main.storyboard */ = {
			isa = PBXVariantGroup;
			children = (
				99FB7FEC2085F25100B300BA /* Base */,
			);
			name = Main.storyboard;
			sourceTree = "<group>";
		};
		99FB7FF02085F25200B300BA /* LaunchScreen.storyboard */ = {
			isa = PBXVariantGroup;
			children = (
				99FB7FF12085F25200B300BA /* Base */,
			);
			name = LaunchScreen.storyboard;
			sourceTree = "<group>";
		};
/* End PBXVariantGroup section */

/* Begin XCBuildConfiguration section */
		99FB7FFF2085F25300B300BA /* Debug */ = {
			isa = XCBuildConfiguration;
			buildSettings = {
				ALWAYS_EMBED_SWIFT_STANDARD_LIBRARIES = "$(inherited)";
				ALWAYS_SEARCH_USER_PATHS = NO;
				CLANG_ANALYZER_NONNULL = YES;
				CLANG_ANALYZER_NUMBER_OBJECT_CONVERSION = YES_AGGRESSIVE;
				CLANG_CXX_LANGUAGE_STANDARD = "gnu++14";
				CLANG_CXX_LIBRARY = "libc++";
				CLANG_ENABLE_MODULES = YES;
				CLANG_ENABLE_OBJC_ARC = YES;
				CLANG_ENABLE_OBJC_WEAK = YES;
				CLANG_WARN_BLOCK_CAPTURE_AUTORELEASING = YES;
				CLANG_WARN_BOOL_CONVERSION = YES;
				CLANG_WARN_COMMA = YES;
				CLANG_WARN_CONSTANT_CONVERSION = YES;
				CLANG_WARN_DEPRECATED_OBJC_IMPLEMENTATIONS = YES;
				CLANG_WARN_DIRECT_OBJC_ISA_USAGE = YES_ERROR;
				CLANG_WARN_DOCUMENTATION_COMMENTS = YES;
				CLANG_WARN_EMPTY_BODY = YES;
				CLANG_WARN_ENUM_CONVERSION = YES;
				CLANG_WARN_INFINITE_RECURSION = YES;
				CLANG_WARN_INT_CONVERSION = YES;
				CLANG_WARN_NON_LITERAL_NULL_CONVERSION = YES;
				CLANG_WARN_OBJC_IMPLICIT_RETAIN_SELF = YES;
				CLANG_WARN_OBJC_LITERAL_CONVERSION = YES;
				CLANG_WARN_OBJC_ROOT_CLASS = YES_ERROR;
				CLANG_WARN_RANGE_LOOP_ANALYSIS = YES;
				CLANG_WARN_STRICT_PROTOTYPES = YES;
				CLANG_WARN_SUSPICIOUS_MOVE = YES;
				CLANG_WARN_UNGUARDED_AVAILABILITY = YES_AGGRESSIVE;
				CLANG_WARN_UNREACHABLE_CODE = YES;
				CLANG_WARN__DUPLICATE_METHOD_MATCH = YES;
				CODE_SIGN_IDENTITY = "iPhone Distribution: Dynamic Visual Technologies (pty) LTD (GLK7J5PP82)";
				COPY_PHASE_STRIP = NO;
				DEBUG_INFORMATION_FORMAT = dwarf;
				DEVELOPMENT_TEAM = GLK7J5PP82;
				ENABLE_STRICT_OBJC_MSGSEND = YES;
				ENABLE_TESTABILITY = YES;
				GCC_C_LANGUAGE_STANDARD = gnu11;
				GCC_DYNAMIC_NO_PIC = NO;
				GCC_NO_COMMON_BLOCKS = YES;
				GCC_OPTIMIZATION_LEVEL = 0;
				GCC_PREPROCESSOR_DEFINITIONS = (
					"DEBUG=1",
					"$(inherited)",
				);
				GCC_WARN_64_TO_32_BIT_CONVERSION = YES;
				GCC_WARN_ABOUT_RETURN_TYPE = YES_ERROR;
				GCC_WARN_UNDECLARED_SELECTOR = YES;
				GCC_WARN_UNINITIALIZED_AUTOS = YES_AGGRESSIVE;
				GCC_WARN_UNUSED_FUNCTION = YES;
				GCC_WARN_UNUSED_VARIABLE = YES;
				IPHONEOS_DEPLOYMENT_TARGET = 11.0;
				MTL_ENABLE_DEBUG_INFO = YES;
				ONLY_ACTIVE_ARCH = YES;
				SDKROOT = iphoneos;
				SWIFT_ACTIVE_COMPILATION_CONDITIONS = DEBUG;
				SWIFT_OPTIMIZATION_LEVEL = "-Onone";
			};
			name = Debug;
		};
		99FB80002085F25300B300BA /* Release */ = {
			isa = XCBuildConfiguration;
			buildSettings = {
				ALWAYS_EMBED_SWIFT_STANDARD_LIBRARIES = "$(inherited)";
				ALWAYS_SEARCH_USER_PATHS = NO;
				CLANG_ANALYZER_NONNULL = YES;
				CLANG_ANALYZER_NUMBER_OBJECT_CONVERSION = YES_AGGRESSIVE;
				CLANG_CXX_LANGUAGE_STANDARD = "gnu++14";
				CLANG_CXX_LIBRARY = "libc++";
				CLANG_ENABLE_MODULES = YES;
				CLANG_ENABLE_OBJC_ARC = YES;
				CLANG_ENABLE_OBJC_WEAK = YES;
				CLANG_WARN_BLOCK_CAPTURE_AUTORELEASING = YES;
				CLANG_WARN_BOOL_CONVERSION = YES;
				CLANG_WARN_COMMA = YES;
				CLANG_WARN_CONSTANT_CONVERSION = YES;
				CLANG_WARN_DEPRECATED_OBJC_IMPLEMENTATIONS = YES;
				CLANG_WARN_DIRECT_OBJC_ISA_USAGE = YES_ERROR;
				CLANG_WARN_DOCUMENTATION_COMMENTS = YES;
				CLANG_WARN_EMPTY_BODY = YES;
				CLANG_WARN_ENUM_CONVERSION = YES;
				CLANG_WARN_INFINITE_RECURSION = YES;
				CLANG_WARN_INT_CONVERSION = YES;
				CLANG_WARN_NON_LITERAL_NULL_CONVERSION = YES;
				CLANG_WARN_OBJC_IMPLICIT_RETAIN_SELF = YES;
				CLANG_WARN_OBJC_LITERAL_CONVERSION = YES;
				CLANG_WARN_OBJC_ROOT_CLASS = YES_ERROR;
				CLANG_WARN_RANGE_LOOP_ANALYSIS = YES;
				CLANG_WARN_STRICT_PROTOTYPES = YES;
				CLANG_WARN_SUSPICIOUS_MOVE = YES;
				CLANG_WARN_UNGUARDED_AVAILABILITY = YES_AGGRESSIVE;
				CLANG_WARN_UNREACHABLE_CODE = YES;
				CLANG_WARN__DUPLICATE_METHOD_MATCH = YES;
				CODE_SIGN_IDENTITY = "iPhone Distribution: Dynamic Visual Technologies (pty) LTD (GLK7J5PP82)";
				COPY_PHASE_STRIP = NO;
				DEBUG_INFORMATION_FORMAT = "dwarf-with-dsym";
				DEVELOPMENT_TEAM = GLK7J5PP82;
				ENABLE_NS_ASSERTIONS = NO;
				ENABLE_STRICT_OBJC_MSGSEND = YES;
				GCC_C_LANGUAGE_STANDARD = gnu11;
				GCC_NO_COMMON_BLOCKS = YES;
				GCC_WARN_64_TO_32_BIT_CONVERSION = YES;
				GCC_WARN_ABOUT_RETURN_TYPE = YES_ERROR;
				GCC_WARN_UNDECLARED_SELECTOR = YES;
				GCC_WARN_UNINITIALIZED_AUTOS = YES_AGGRESSIVE;
				GCC_WARN_UNUSED_FUNCTION = YES;
				GCC_WARN_UNUSED_VARIABLE = YES;
				IPHONEOS_DEPLOYMENT_TARGET = 11.0;
				MTL_ENABLE_DEBUG_INFO = NO;
				SDKROOT = iphoneos;
				SWIFT_COMPILATION_MODE = wholemodule;
				SWIFT_OPTIMIZATION_LEVEL = "-O";
				VALIDATE_PRODUCT = YES;
			};
			name = Release;
		};
		99FB80022085F25300B300BA /* Debug */ = {
			isa = XCBuildConfiguration;
			baseConfigurationReference = 6D6050B0886C0B0AA0559001 /* Pods-Showcase-iOS.debug.xcconfig */;
			buildSettings = {
				ALWAYS_EMBED_SWIFT_STANDARD_LIBRARIES = "$(inherited)";
				ASSETCATALOG_COMPILER_APPICON_NAME = AppIcon;
				CODE_SIGN_IDENTITY = "iPhone Developer";
				CODE_SIGN_STYLE = Automatic;
				DEVELOPMENT_TEAM = GLK7J5PP82;
				INFOPLIST_FILE = "Showcase-iOS/Info.plist";
				IPHONEOS_DEPLOYMENT_TARGET = 11.0;
				LD_RUNPATH_SEARCH_PATHS = (
					"$(inherited)",
					"@executable_path/Frameworks",
				);
				PRODUCT_BUNDLE_IDENTIFIER = za.co.dvt.ShowcaseiOS;
				PRODUCT_NAME = "$(TARGET_NAME)";
				PROVISIONING_PROFILE = "";
				PROVISIONING_PROFILE_SPECIFIER = "";
				SWIFT_VERSION = 4.0;
				TARGETED_DEVICE_FAMILY = 1;
			};
			name = Debug;
		};
		99FB80032085F25300B300BA /* Release */ = {
			isa = XCBuildConfiguration;
			baseConfigurationReference = 522062A06BC78E80B1E4A3C9 /* Pods-Showcase-iOS.release.xcconfig */;
			buildSettings = {
				ALWAYS_EMBED_SWIFT_STANDARD_LIBRARIES = "$(inherited)";
				ASSETCATALOG_COMPILER_APPICON_NAME = AppIcon;
				CODE_SIGN_IDENTITY = "iPhone Developer";
				CODE_SIGN_STYLE = Automatic;
				DEVELOPMENT_TEAM = GLK7J5PP82;
				INFOPLIST_FILE = "Showcase-iOS/Info.plist";
				IPHONEOS_DEPLOYMENT_TARGET = 11.0;
				LD_RUNPATH_SEARCH_PATHS = (
					"$(inherited)",
					"@executable_path/Frameworks",
				);
				PRODUCT_BUNDLE_IDENTIFIER = za.co.dvt.ShowcaseiOS;
				PRODUCT_NAME = "$(TARGET_NAME)";
				PROVISIONING_PROFILE = "";
				PROVISIONING_PROFILE_SPECIFIER = "";
				SWIFT_VERSION = 4.0;
				TARGETED_DEVICE_FAMILY = 1;
			};
			name = Release;
		};
		99FB80052085F25300B300BA /* Debug */ = {
			isa = XCBuildConfiguration;
			baseConfigurationReference = 955A8584B6EB37219340E49C /* Pods-Showcase-iOSTests.debug.xcconfig */;
			buildSettings = {
				ALWAYS_EMBED_SWIFT_STANDARD_LIBRARIES = "$(inherited)";
				BUNDLE_LOADER = "$(TEST_HOST)";
				CODE_SIGN_IDENTITY = "iPhone Developer";
				CODE_SIGN_STYLE = Manual;
				DEVELOPMENT_TEAM = GLK7J5PP82;
				GCC_GENERATE_TEST_COVERAGE_FILES = YES;
				INFOPLIST_FILE = "Showcase-iOSTests/Info.plist";
				IPHONEOS_DEPLOYMENT_TARGET = 11.0;
				LD_RUNPATH_SEARCH_PATHS = (
					"$(inherited)",
					"@executable_path/Frameworks",
					"@loader_path/Frameworks",
				);
				PRODUCT_BUNDLE_IDENTIFIER = "za.co.dvt.showcase.Showcase-iOSTests";
				PRODUCT_NAME = "$(TARGET_NAME)";
				PROVISIONING_PROFILE_SPECIFIER = "";
				RESOURCES_TARGETED_DEVICE_FAMILY = "";
				SWIFT_VERSION = 4.0;
				TARGETED_DEVICE_FAMILY = 1;
				TEST_HOST = "$(BUILT_PRODUCTS_DIR)/Showcase-iOS.app/Showcase-iOS";
			};
			name = Debug;
		};
		99FB80062085F25300B300BA /* Release */ = {
			isa = XCBuildConfiguration;
			baseConfigurationReference = 459C8BC1AC39C3E51A8A77B1 /* Pods-Showcase-iOSTests.release.xcconfig */;
			buildSettings = {
				ALWAYS_EMBED_SWIFT_STANDARD_LIBRARIES = "$(inherited)";
				BUNDLE_LOADER = "$(TEST_HOST)";
				CODE_SIGN_IDENTITY = "iPhone Developer";
				CODE_SIGN_STYLE = Manual;
				DEVELOPMENT_TEAM = "";
				ENABLE_TESTABILITY = YES;
				GCC_GENERATE_TEST_COVERAGE_FILES = YES;
				INFOPLIST_FILE = "Showcase-iOSTests/Info.plist";
				IPHONEOS_DEPLOYMENT_TARGET = 11.0;
				LD_RUNPATH_SEARCH_PATHS = (
					"$(inherited)",
					"@executable_path/Frameworks",
					"@loader_path/Frameworks",
				);
				PRODUCT_BUNDLE_IDENTIFIER = "za.co.dvt.showcase.Showcase-iOSTests";
				PRODUCT_NAME = "$(TARGET_NAME)";
				PROVISIONING_PROFILE_SPECIFIER = "";
				SWIFT_VERSION = 4.0;
				TARGETED_DEVICE_FAMILY = 1;
				TEST_HOST = "$(BUILT_PRODUCTS_DIR)/Showcase-iOS.app/Showcase-iOS";
			};
			name = Release;
		};
/* End XCBuildConfiguration section */

/* Begin XCConfigurationList section */
		99FB7FDF2085F25100B300BA /* Build configuration list for PBXProject "Showcase-iOS" */ = {
			isa = XCConfigurationList;
			buildConfigurations = (
				99FB7FFF2085F25300B300BA /* Debug */,
				99FB80002085F25300B300BA /* Release */,
			);
			defaultConfigurationIsVisible = 0;
			defaultConfigurationName = Debug;
		};
		99FB80012085F25300B300BA /* Build configuration list for PBXNativeTarget "Showcase-iOS" */ = {
			isa = XCConfigurationList;
			buildConfigurations = (
				99FB80022085F25300B300BA /* Debug */,
				99FB80032085F25300B300BA /* Release */,
			);
			defaultConfigurationIsVisible = 0;
			defaultConfigurationName = Debug;
		};
		99FB80042085F25300B300BA /* Build configuration list for PBXNativeTarget "Showcase-iOSTests" */ = {
			isa = XCConfigurationList;
			buildConfigurations = (
				99FB80052085F25300B300BA /* Debug */,
				99FB80062085F25300B300BA /* Release */,
			);
			defaultConfigurationIsVisible = 0;
			defaultConfigurationName = Debug;
		};
/* End XCConfigurationList section */
	};
	rootObject = 99FB7FDC2085F25100B300BA /* Project object */;
}
